{
  "version": 4,
  "terraform_version": "1.9.7",
  "serial": 251,
  "lineage": "507dd68a-770f-75b8-3c8e-d2a25e66068f",
  "outputs": {},
  "resources": [
    {
      "mode": "managed",
      "type": "aws_cloudfront_distribution",
      "name": "my_distribution",
      "provider": "provider[\"registry.terraform.io/hashicorp/aws\"]",
      "instances": [
        {
          "schema_version": 1,
          "attributes": {
            "aliases": [],
            "arn": "arn:aws:cloudfront::654654200977:distribution/E129H8QEBE80V",
            "caller_reference": "terraform-20241007114300190900000002",
            "comment": "CloudFront Distribution for S3 - default",
            "continuous_deployment_policy_id": "",
            "custom_error_response": [],
            "default_cache_behavior": [
              {
                "allowed_methods": [
                  "GET",
                  "HEAD"
                ],
                "cache_policy_id": "",
                "cached_methods": [
                  "GET",
                  "HEAD"
                ],
                "compress": false,
                "default_ttl": 86400,
                "field_level_encryption_id": "",
                "forwarded_values": [
                  {
                    "cookies": [
                      {
                        "forward": "none",
                        "whitelisted_names": []
                      }
                    ],
                    "headers": [],
                    "query_string": false,
                    "query_string_cache_keys": []
                  }
                ],
                "function_association": [],
                "lambda_function_association": [],
                "max_ttl": 31536000,
                "min_ttl": 0,
                "origin_request_policy_id": "",
                "realtime_log_config_arn": "",
                "response_headers_policy_id": "",
                "smooth_streaming": false,
                "target_origin_id": "s3-origin-default",
                "trusted_key_groups": [],
                "trusted_signers": [],
                "viewer_protocol_policy": "redirect-to-https"
              }
            ],
            "default_root_object": "index.html",
            "domain_name": "d3ge7elvxe01bs.cloudfront.net",
            "enabled": true,
            "etag": "E1OMLRKLYDT2HT",
            "hosted_zone_id": "Z2FDTNDATAQYW2",
            "http_version": "http2",
            "id": "E129H8QEBE80V",
            "in_progress_validation_batches": 0,
            "is_ipv6_enabled": true,
            "last_modified_time": "2024-10-07 11:43:00.518 +0000 UTC",
            "logging_config": [],
            "ordered_cache_behavior": [],
            "origin": [
              {
                "connection_attempts": 3,
                "connection_timeout": 10,
                "custom_header": [],
                "custom_origin_config": [],
                "domain_name": "petp-tf-bucket-default.s3.eu-north-1.amazonaws.com",
                "origin_access_control_id": "",
                "origin_id": "s3-origin-default",
                "origin_path": "",
                "origin_shield": [],
                "s3_origin_config": [
                  {
                    "origin_access_identity": "origin-access-identity/cloudfront/E2X60H96TZJQU"
                  }
                ]
              }
            ],
            "origin_group": [],
            "price_class": "PriceClass_All",
            "restrictions": [
              {
                "geo_restriction": [
                  {
                    "locations": [],
                    "restriction_type": "none"
                  }
                ]
              }
            ],
            "retain_on_delete": false,
            "staging": false,
            "status": "Deployed",
            "tags": {
              "Name": "CloudFront distribution for S3 - default"
            },
            "tags_all": {
              "Name": "CloudFront distribution for S3 - default"
            },
            "trusted_key_groups": [
              {
                "enabled": false,
                "items": []
              }
            ],
            "trusted_signers": [
              {
                "enabled": false,
                "items": []
              }
            ],
            "viewer_certificate": [
              {
                "acm_certificate_arn": "",
                "cloudfront_default_certificate": true,
                "iam_certificate_id": "",
                "minimum_protocol_version": "TLSv1",
                "ssl_support_method": ""
              }
            ],
            "wait_for_deployment": true,
            "web_acl_id": ""
          },
          "sensitive_attributes": [],
          "private": "eyJzY2hlbWFfdmVyc2lvbiI6IjEifQ==",
          "dependencies": [
            "aws_cloudfront_origin_access_identity.example",
            "aws_s3_bucket.example"
          ]
        }
      ]
    },
    {
      "mode": "managed",
      "type": "aws_cloudfront_origin_access_identity",
      "name": "example",
      "provider": "provider[\"registry.terraform.io/hashicorp/aws\"]",
      "instances": [
        {
          "schema_version": 0,
          "attributes": {
            "caller_reference": "terraform-20241007114258547700000001",
            "cloudfront_access_identity_path": "origin-access-identity/cloudfront/E2X60H96TZJQU",
            "comment": "OAI for my S3 bucket in default environment",
            "etag": "E2YZL600RW5MYD",
            "iam_arn": "arn:aws:iam::cloudfront:user/CloudFront Origin Access Identity E2X60H96TZJQU",
            "id": "E2X60H96TZJQU",
            "s3_canonical_user_id": "a7125cb5ccd3326c573bfb734e6c0a2bde68e11c6d4765e39b954e8d13d6efda127b849363990efa32225f478ab944d8"
          },
          "sensitive_attributes": [],
          "private": "bnVsbA=="
        }
      ]
    },
    {
      "mode": "managed",
      "type": "aws_db_instance",
      "name": "my_postgres_db",
      "provider": "provider[\"registry.terraform.io/hashicorp/aws\"]",
      "instances": [
        {
          "schema_version": 2,
          "attributes": {
            "address": "my-petp-db-default.ctsskiqw2d3n.eu-north-1.rds.amazonaws.com",
            "allocated_storage": 20,
            "allow_major_version_upgrade": null,
            "apply_immediately": false,
            "arn": "arn:aws:rds:eu-north-1:654654200977:db:my-petp-db-default",
            "auto_minor_version_upgrade": true,
            "availability_zone": "eu-north-1a",
            "backup_retention_period": 0,
            "backup_target": "region",
            "backup_window": "06:23-06:53",
            "blue_green_update": [],
            "ca_cert_identifier": "rds-ca-rsa2048-g1",
            "character_set_name": "",
            "copy_tags_to_snapshot": false,
            "custom_iam_instance_profile": "",
            "customer_owned_ip_enabled": false,
            "db_name": "marko_db",
            "db_subnet_group_name": "my-db-subnet-group-default",
            "dedicated_log_volume": false,
            "delete_automated_backups": true,
            "deletion_protection": false,
            "domain": "",
            "domain_auth_secret_arn": "",
            "domain_dns_ips": [],
            "domain_fqdn": "",
            "domain_iam_role_name": "",
            "domain_ou": "",
            "enabled_cloudwatch_logs_exports": [],
            "endpoint": "my-petp-db-default.ctsskiqw2d3n.eu-north-1.rds.amazonaws.com:5432",
            "engine": "postgres",
            "engine_lifecycle_support": "open-source-rds-extended-support",
            "engine_version": "11.22",
            "engine_version_actual": "11.22",
            "final_snapshot_identifier": null,
            "hosted_zone_id": "Z3MPDEQW7KHUGY",
            "iam_database_authentication_enabled": false,
            "id": "db-TTXSI34N4RRTUX6JWJNK2WIFI4",
            "identifier": "my-petp-db-default",
            "identifier_prefix": "",
            "instance_class": "db.t3.micro",
            "iops": 0,
            "kms_key_id": "",
            "latest_restorable_time": "",
            "license_model": "postgresql-license",
            "listener_endpoint": [],
            "maintenance_window": "thu:01:15-thu:01:45",
            "manage_master_user_password": null,
            "master_user_secret": [],
            "master_user_secret_kms_key_id": null,
            "max_allocated_storage": 0,
            "monitoring_interval": 0,
            "monitoring_role_arn": "",
            "multi_az": false,
            "nchar_character_set_name": "",
            "network_type": "IPV4",
            "option_group_name": "default:postgres-11",
            "parameter_group_name": "default.postgres11",
            "password": "adminadmin76!",
            "performance_insights_enabled": false,
            "performance_insights_kms_key_id": "",
            "performance_insights_retention_period": 0,
            "port": 5432,
            "publicly_accessible": false,
            "replica_mode": "",
            "replicas": [],
            "replicate_source_db": "",
            "resource_id": "db-TTXSI34N4RRTUX6JWJNK2WIFI4",
            "restore_to_point_in_time": [],
            "s3_import": [],
            "skip_final_snapshot": true,
            "snapshot_identifier": null,
            "status": "available",
            "storage_encrypted": false,
            "storage_throughput": 0,
            "storage_type": "gp2",
            "tags": {
              "Name": "my-petp-db-default"
            },
            "tags_all": {
              "Name": "my-petp-db-default"
            },
            "timeouts": null,
            "timezone": "",
            "upgrade_storage_config": null,
            "username": "postgres",
            "vpc_security_group_ids": [
              "sg-0f563ff6c002c9640"
            ]
          },
          "sensitive_attributes": [
            [
              {
                "type": "get_attr",
                "value": "password"
              }
            ]
          ],
          "private": "eyJlMmJmYjczMC1lY2FhLTExZTYtOGY4OC0zNDM2M2JjN2M0YzAiOnsiY3JlYXRlIjoyNDAwMDAwMDAwMDAwLCJkZWxldGUiOjM2MDAwMDAwMDAwMDAsInVwZGF0ZSI6NDgwMDAwMDAwMDAwMH0sInNjaGVtYV92ZXJzaW9uIjoiMiJ9",
          "dependencies": [
            "aws_db_subnet_group.my_db_subnet_group",
            "aws_security_group.my_rds_sg",
            "aws_subnet.private_subnet_a",
            "aws_subnet.private_subnet_b",
            "aws_vpc.my_petp_vpc"
          ]
        }
      ]
    },
    {
      "mode": "managed",
      "type": "aws_db_subnet_group",
      "name": "my_db_subnet_group",
      "provider": "provider[\"registry.terraform.io/hashicorp/aws\"]",
      "instances": [
        {
          "schema_version": 0,
          "attributes": {
            "arn": "arn:aws:rds:eu-north-1:654654200977:subgrp:my-db-subnet-group-default",
            "description": "Managed by Terraform",
            "id": "my-db-subnet-group-default",
            "name": "my-db-subnet-group-default",
            "name_prefix": "",
            "subnet_ids": [
              "subnet-074753165934c580c",
              "subnet-0ec3d5534c4e92900"
            ],
            "supported_network_types": [
              "IPV4"
            ],
            "tags": {
              "Name": "my-db-subnet-group-default"
            },
            "tags_all": {
              "Name": "my-db-subnet-group-default"
            },
            "vpc_id": "vpc-0d55852e6d67d3a62"
          },
          "sensitive_attributes": [],
          "private": "bnVsbA==",
          "dependencies": [
            "aws_subnet.private_subnet_a",
            "aws_subnet.private_subnet_b",
            "aws_vpc.my_petp_vpc"
          ]
        }
      ]
    },
    {
      "mode": "managed",
      "type": "aws_ecr_repository",
      "name": "private_repo_rds",
      "provider": "provider[\"registry.terraform.io/hashicorp/aws\"]",
      "instances": [
        {
          "schema_version": 0,
          "attributes": {
            "arn": "arn:aws:ecr:eu-north-1:654654200977:repository/petp_rds_repo_default",
            "encryption_configuration": [
              {
                "encryption_type": "AES256",
                "kms_key": ""
              }
            ],
            "force_delete": null,
            "id": "petp_rds_repo_default",
            "image_scanning_configuration": [
              {
                "scan_on_push": false
              }
            ],
            "image_tag_mutability": "MUTABLE",
            "name": "petp_rds_repo_default",
            "registry_id": "654654200977",
            "repository_url": "654654200977.dkr.ecr.eu-north-1.amazonaws.com/petp_rds_repo_default",
            "tags": {
              "Name": "Repository for rds image in default"
            },
            "tags_all": {
              "Name": "Repository for rds image in default"
            },
            "timeouts": null
          },
          "sensitive_attributes": [],
          "private": "eyJlMmJmYjczMC1lY2FhLTExZTYtOGY4OC0zNDM2M2JjN2M0YzAiOnsiZGVsZXRlIjoxMjAwMDAwMDAwMDAwfX0="
        }
      ]
    },
    {
      "mode": "managed",
      "type": "aws_ecr_repository",
      "name": "private_repo_redis",
      "provider": "provider[\"registry.terraform.io/hashicorp/aws\"]",
      "instances": [
        {
          "schema_version": 0,
          "attributes": {
            "arn": "arn:aws:ecr:eu-north-1:654654200977:repository/petp_redis_repo_default",
            "encryption_configuration": [
              {
                "encryption_type": "AES256",
                "kms_key": ""
              }
            ],
            "force_delete": null,
            "id": "petp_redis_repo_default",
            "image_scanning_configuration": [
              {
                "scan_on_push": false
              }
            ],
            "image_tag_mutability": "MUTABLE",
            "name": "petp_redis_repo_default",
            "registry_id": "654654200977",
            "repository_url": "654654200977.dkr.ecr.eu-north-1.amazonaws.com/petp_redis_repo_default",
            "tags": {
              "Name": "Repository for redis image in default"
            },
            "tags_all": {
              "Name": "Repository for redis image in default"
            },
            "timeouts": null
          },
          "sensitive_attributes": [],
          "private": "eyJlMmJmYjczMC1lY2FhLTExZTYtOGY4OC0zNDM2M2JjN2M0YzAiOnsiZGVsZXRlIjoxMjAwMDAwMDAwMDAwfX0="
        }
      ]
    },
    {
      "mode": "managed",
      "type": "aws_eip",
      "name": "nat_eip",
      "provider": "provider[\"registry.terraform.io/hashicorp/aws\"]",
      "instances": [
        {
          "schema_version": 0,
          "attributes": {
            "address": null,
            "allocation_id": "eipalloc-05d24c446e7d1f5ac",
            "arn": "arn:aws:ec2:eu-north-1:654654200977:elastic-ip/eipalloc-05d24c446e7d1f5ac",
            "associate_with_private_ip": null,
            "association_id": "eipassoc-0da57c8bd308bb1f5",
            "carrier_ip": "",
            "customer_owned_ip": "",
            "customer_owned_ipv4_pool": "",
            "domain": "vpc",
            "id": "eipalloc-05d24c446e7d1f5ac",
            "instance": "",
            "network_border_group": "eu-north-1",
            "network_interface": "eni-0ff4bd6d243bb97d2",
            "private_dns": "ip-10-0-0-173.eu-north-1.compute.internal",
            "private_ip": "10.0.0.173",
            "ptr_record": "",
            "public_dns": "ec2-13-50-0-49.eu-north-1.compute.amazonaws.com",
            "public_ip": "13.50.0.49",
            "public_ipv4_pool": "amazon",
            "tags": {
              "Name": "my-nat-eip-default"
            },
            "tags_all": {
              "Name": "my-nat-eip-default"
            },
            "timeouts": null,
            "vpc": true
          },
          "sensitive_attributes": [],
          "private": "eyJlMmJmYjczMC1lY2FhLTExZTYtOGY4OC0zNDM2M2JjN2M0YzAiOnsiZGVsZXRlIjoxODAwMDAwMDAwMDAsInJlYWQiOjkwMDAwMDAwMDAwMCwidXBkYXRlIjozMDAwMDAwMDAwMDB9fQ=="
        }
      ]
    },
    {
      "mode": "managed",
      "type": "aws_instance",
      "name": "bastion",
      "provider": "provider[\"registry.terraform.io/hashicorp/aws\"]",
      "instances": [
        {
          "schema_version": 1,
          "attributes": {
            "ami": "ami-0129bfde49ddb0ed6",
            "arn": "arn:aws:ec2:eu-north-1:654654200977:instance/i-05acf16d7cca0bcaf",
            "associate_public_ip_address": true,
            "availability_zone": "eu-north-1a",
            "capacity_reservation_specification": [
              {
                "capacity_reservation_preference": "open",
                "capacity_reservation_target": []
              }
            ],
            "cpu_core_count": 1,
            "cpu_options": [
              {
                "amd_sev_snp": "",
                "core_count": 1,
                "threads_per_core": 2
              }
            ],
            "cpu_threads_per_core": 2,
            "credit_specification": [
              {
                "cpu_credits": "unlimited"
              }
            ],
            "disable_api_stop": false,
            "disable_api_termination": false,
            "ebs_block_device": [],
            "ebs_optimized": false,
            "enclave_options": [
              {
                "enabled": false
              }
            ],
            "ephemeral_block_device": [],
            "get_password_data": false,
            "hibernation": false,
            "host_id": "",
            "host_resource_group_arn": null,
            "iam_instance_profile": "",
            "id": "i-05acf16d7cca0bcaf",
            "instance_initiated_shutdown_behavior": "stop",
            "instance_lifecycle": "",
            "instance_market_options": [],
            "instance_state": "running",
            "instance_type": "t3.micro",
            "ipv6_address_count": 0,
            "ipv6_addresses": [],
            "key_name": "petp_keypair-default",
            "launch_template": [],
            "maintenance_options": [
              {
                "auto_recovery": "default"
              }
            ],
            "metadata_options": [
              {
                "http_endpoint": "enabled",
                "http_protocol_ipv6": "disabled",
                "http_put_response_hop_limit": 2,
                "http_tokens": "required",
                "instance_metadata_tags": "disabled"
              }
            ],
            "monitoring": false,
            "network_interface": [],
            "outpost_arn": "",
            "password_data": "",
            "placement_group": "",
            "placement_partition_number": 0,
            "primary_network_interface_id": "eni-0429ca4a758d7fdcc",
            "private_dns": "ip-10-0-0-251.eu-north-1.compute.internal",
            "private_dns_name_options": [
              {
                "enable_resource_name_dns_a_record": false,
                "enable_resource_name_dns_aaaa_record": false,
                "hostname_type": "ip-name"
              }
            ],
            "private_ip": "10.0.0.251",
            "public_dns": "ec2-13-61-16-124.eu-north-1.compute.amazonaws.com",
            "public_ip": "13.61.16.124",
            "root_block_device": [
              {
                "delete_on_termination": true,
                "device_name": "/dev/xvda",
                "encrypted": false,
                "iops": 3000,
                "kms_key_id": "",
                "tags": {},
                "tags_all": {},
                "throughput": 125,
                "volume_id": "vol-01b2264a6641169dd",
                "volume_size": 8,
                "volume_type": "gp3"
              }
            ],
            "secondary_private_ips": [],
            "security_groups": [
              "sg-08142079909f670b9"
            ],
            "source_dest_check": true,
            "spot_instance_request_id": "",
            "subnet_id": "subnet-06583876b73b52bfa",
            "tags": {
              "Name": "Bastion Host"
            },
            "tags_all": {
              "Name": "Bastion Host"
            },
            "tenancy": "default",
            "timeouts": null,
            "user_data": null,
            "user_data_base64": null,
            "user_data_replace_on_change": false,
            "volume_tags": null,
            "vpc_security_group_ids": [
              "sg-08142079909f670b9"
            ]
          },
          "sensitive_attributes": [],
          "private": "eyJlMmJmYjczMC1lY2FhLTExZTYtOGY4OC0zNDM2M2JjN2M0YzAiOnsiY3JlYXRlIjo2MDAwMDAwMDAwMDAsImRlbGV0ZSI6MTIwMDAwMDAwMDAwMCwicmVhZCI6OTAwMDAwMDAwMDAwLCJ1cGRhdGUiOjYwMDAwMDAwMDAwMH0sInNjaGVtYV92ZXJzaW9uIjoiMSJ9",
          "dependencies": [
            "aws_key_pair.petp_keypair",
            "aws_security_group.bastion_sg",
            "aws_subnet.public_subnet",
            "aws_vpc.my_petp_vpc",
            "tls_private_key.rsa-4096"
          ]
        }
      ]
    },
    {
      "mode": "managed",
      "type": "aws_instance",
      "name": "private_inst",
      "provider": "provider[\"registry.terraform.io/hashicorp/aws\"]",
      "instances": [
        {
          "schema_version": 1,
          "attributes": {
            "ami": "ami-0129bfde49ddb0ed6",
            "arn": "arn:aws:ec2:eu-north-1:654654200977:instance/i-0e28a71b9ec1742ba",
            "associate_public_ip_address": false,
            "availability_zone": "eu-north-1a",
            "capacity_reservation_specification": [
              {
                "capacity_reservation_preference": "open",
                "capacity_reservation_target": []
              }
            ],
            "cpu_core_count": 1,
            "cpu_options": [
              {
                "amd_sev_snp": "",
                "core_count": 1,
                "threads_per_core": 2
              }
            ],
            "cpu_threads_per_core": 2,
            "credit_specification": [
              {
                "cpu_credits": "unlimited"
              }
            ],
            "disable_api_stop": false,
            "disable_api_termination": false,
            "ebs_block_device": [],
            "ebs_optimized": false,
            "enclave_options": [
              {
                "enabled": false
              }
            ],
            "ephemeral_block_device": [],
            "get_password_data": false,
            "hibernation": false,
            "host_id": "",
            "host_resource_group_arn": null,
            "iam_instance_profile": "",
            "id": "i-0e28a71b9ec1742ba",
            "instance_initiated_shutdown_behavior": "stop",
            "instance_lifecycle": "",
            "instance_market_options": [],
            "instance_state": "running",
            "instance_type": "t3.micro",
            "ipv6_address_count": 0,
            "ipv6_addresses": [],
            "key_name": "petp_keypair-default",
            "launch_template": [],
            "maintenance_options": [
              {
                "auto_recovery": "default"
              }
            ],
            "metadata_options": [
              {
                "http_endpoint": "enabled",
                "http_protocol_ipv6": "disabled",
                "http_put_response_hop_limit": 2,
                "http_tokens": "required",
                "instance_metadata_tags": "disabled"
              }
            ],
            "monitoring": false,
            "network_interface": [],
            "outpost_arn": "",
            "password_data": "",
            "placement_group": "",
            "placement_partition_number": 0,
            "primary_network_interface_id": "eni-07c3737021797d8fc",
            "private_dns": "ip-10-0-1-52.eu-north-1.compute.internal",
            "private_dns_name_options": [
              {
                "enable_resource_name_dns_a_record": false,
                "enable_resource_name_dns_aaaa_record": false,
                "hostname_type": "ip-name"
              }
            ],
            "private_ip": "10.0.1.52",
            "public_dns": "",
            "public_ip": "",
            "root_block_device": [
              {
                "delete_on_termination": true,
                "device_name": "/dev/xvda",
                "encrypted": false,
                "iops": 3000,
                "kms_key_id": "",
                "tags": {},
                "tags_all": {},
                "throughput": 125,
                "volume_id": "vol-0ac99d3e9ebce7c3c",
                "volume_size": 8,
                "volume_type": "gp3"
              }
            ],
            "secondary_private_ips": [],
            "security_groups": [
              "sg-0e11ab0b017d11709"
            ],
            "source_dest_check": true,
            "spot_instance_request_id": "",
            "subnet_id": "subnet-0958c315496d5384c",
            "tags": {
              "Name": "private_instance-default"
            },
            "tags_all": {
              "Name": "private_instance-default"
            },
            "tenancy": "default",
            "timeouts": null,
            "user_data": "9b1aa24957085102fb32478071a4ba8aaac59a44",
            "user_data_base64": null,
            "user_data_replace_on_change": false,
            "volume_tags": null,
            "vpc_security_group_ids": [
              "sg-0e11ab0b017d11709"
            ]
          },
          "sensitive_attributes": [],
          "private": "eyJlMmJmYjczMC1lY2FhLTExZTYtOGY4OC0zNDM2M2JjN2M0YzAiOnsiY3JlYXRlIjo2MDAwMDAwMDAwMDAsImRlbGV0ZSI6MTIwMDAwMDAwMDAwMCwicmVhZCI6OTAwMDAwMDAwMDAwLCJ1cGRhdGUiOjYwMDAwMDAwMDAwMH0sInNjaGVtYV92ZXJzaW9uIjoiMSJ9",
          "dependencies": [
            "aws_key_pair.petp_keypair",
            "aws_security_group.my_alb1_sg",
            "aws_security_group.my_alb2_sg",
            "aws_security_group.private_inst_sg",
            "aws_subnet.private_subnet",
            "aws_vpc.my_petp_vpc",
            "tls_private_key.rsa-4096"
          ]
        }
      ]
    },
    {
      "mode": "managed",
      "type": "aws_internet_gateway",
      "name": "igw",
      "provider": "provider[\"registry.terraform.io/hashicorp/aws\"]",
      "instances": [
        {
          "schema_version": 0,
          "attributes": {
            "arn": "arn:aws:ec2:eu-north-1:654654200977:internet-gateway/igw-041da01ecb53b954f",
            "id": "igw-041da01ecb53b954f",
            "owner_id": "654654200977",
            "tags": {
              "Name": "my-internet-gateway-default"
            },
            "tags_all": {
              "Name": "my-internet-gateway-default"
            },
            "timeouts": null,
            "vpc_id": "vpc-0d55852e6d67d3a62"
          },
          "sensitive_attributes": [],
          "private": "eyJlMmJmYjczMC1lY2FhLTExZTYtOGY4OC0zNDM2M2JjN2M0YzAiOnsiY3JlYXRlIjoxMjAwMDAwMDAwMDAwLCJkZWxldGUiOjEyMDAwMDAwMDAwMDAsInVwZGF0ZSI6MTIwMDAwMDAwMDAwMH19",
          "dependencies": [
            "aws_vpc.my_petp_vpc"
          ]
        }
      ]
    },
    {
      "mode": "managed",
      "type": "aws_key_pair",
      "name": "petp_keypair",
      "provider": "provider[\"registry.terraform.io/hashicorp/aws\"]",
      "instances": [
        {
          "schema_version": 1,
          "attributes": {
            "arn": "arn:aws:ec2:eu-north-1:654654200977:key-pair/petp_keypair-default",
            "fingerprint": "d2:3a:e4:52:79:35:5f:bc:9b:f1:cf:1d:15:b2:e4:fc",
            "id": "petp_keypair-default",
            "key_name": "petp_keypair-default",
            "key_name_prefix": "",
            "key_pair_id": "key-03328208dbf841e84",
            "key_type": "rsa",
            "public_key": "ssh-rsa AAAAB3NzaC1yc2EAAAADAQABAAACAQC49ZsK7M073lRqaTnK57Ilrqstn6o9ihOOt3j/SNC50hMbDl3suYpLMu2FGf8SxMeBGATudg6FUQrIg1ILOG0iTr3zr5Roqguxbb1G/adKyb5e+y66/VwkXnNwSZK6WTOMBbMqajZY9zuk+he4l95YMVYKnGe+WcvFUz1IFcmepVXUlaZd74pQnGbv9s09kX+w96lNNN2lvKS3XLlMeLkWvjMWx37Vzzag68F2HWfCO/oZNYna2JCjiQ8983i2gXSC9JvUWAqTbdsiJUWX9amIuLYDPX3zKQ/0aQkv4OF65DLoR24XphIvMhN9wwIUg0zbNHI+3zRxGoBHDDChHR6tBA83alL69DA4XWVQklGodSq9ve8Vn7AiiCbfp1v9B04UeeUUMWyCyK3UkvPxeK9eCc/XcyGSH2LLz0XaBexXuS6zftFn452XvS178r8q+Qrt8bFth6lChwR3sjOBdhwaWNEv8m2bgWARnjo+9KzV1xlC06gvC6m0jwv40VkqihN4kH9KJp3IJ3yK9YlQc2xE11txCghKHtQWtHjmgiV/aFfuBMQkErUgqalgeEYej1wvMBQ/s0B647/PsEPTYYXUEmCX9vttYjx9m9m0vi0cpbdJ+G6xvr22WhMG+IyBKdspNQcEQChJyRwXpQQyvxyUGnvMh+9k9Z44nsqxBazsWQ==",
            "tags": {},
            "tags_all": {}
          },
          "sensitive_attributes": [],
          "private": "eyJzY2hlbWFfdmVyc2lvbiI6IjEifQ==",
          "dependencies": [
            "tls_private_key.rsa-4096"
          ]
        }
      ]
    },
    {
      "mode": "managed",
      "type": "aws_lb",
      "name": "my_alb1",
      "provider": "provider[\"registry.terraform.io/hashicorp/aws\"]",
      "instances": [
        {
          "schema_version": 0,
          "attributes": {
            "access_logs": [
              {
                "bucket": "",
                "enabled": false,
                "prefix": ""
              }
            ],
            "arn": "arn:aws:elasticloadbalancing:eu-north-1:654654200977:loadbalancer/app/my-alb1-default/800d1aa355f5f95d",
            "arn_suffix": "app/my-alb1-default/800d1aa355f5f95d",
            "client_keep_alive": 3600,
            "connection_logs": [
              {
                "bucket": "",
                "enabled": false,
                "prefix": ""
              }
            ],
            "customer_owned_ipv4_pool": "",
            "desync_mitigation_mode": "defensive",
            "dns_name": "my-alb1-default-159102545.eu-north-1.elb.amazonaws.com",
            "dns_record_client_routing_policy": null,
            "drop_invalid_header_fields": false,
            "enable_cross_zone_load_balancing": true,
            "enable_deletion_protection": false,
            "enable_http2": true,
            "enable_tls_version_and_cipher_suite_headers": false,
            "enable_waf_fail_open": false,
            "enable_xff_client_port": false,
            "enforce_security_group_inbound_rules_on_private_link_traffic": "",
            "id": "arn:aws:elasticloadbalancing:eu-north-1:654654200977:loadbalancer/app/my-alb1-default/800d1aa355f5f95d",
            "idle_timeout": 60,
            "internal": false,
            "ip_address_type": "ipv4",
            "load_balancer_type": "application",
            "name": "my-alb1-default",
            "name_prefix": "",
            "preserve_host_header": false,
            "security_groups": [
              "sg-07d8a0e6564488d61"
            ],
            "subnet_mapping": [
              {
                "allocation_id": "",
                "ipv6_address": "",
                "outpost_id": "",
                "private_ipv4_address": "",
                "subnet_id": "subnet-007128aa1bba6e21b"
              },
              {
                "allocation_id": "",
                "ipv6_address": "",
                "outpost_id": "",
                "private_ipv4_address": "",
                "subnet_id": "subnet-0fe2c63369c36e99e"
              }
            ],
            "subnets": [
              "subnet-007128aa1bba6e21b",
              "subnet-0fe2c63369c36e99e"
            ],
            "tags": {
              "Name": "my-alb1-default"
            },
            "tags_all": {
              "Name": "my-alb1-default"
            },
            "timeouts": null,
            "vpc_id": "vpc-0d55852e6d67d3a62",
            "xff_header_processing_mode": "append",
            "zone_id": "Z23TAZ6LKFMNIO"
          },
          "sensitive_attributes": [],
          "private": "eyJlMmJmYjczMC1lY2FhLTExZTYtOGY4OC0zNDM2M2JjN2M0YzAiOnsiY3JlYXRlIjo2MDAwMDAwMDAwMDAsImRlbGV0ZSI6NjAwMDAwMDAwMDAwLCJ1cGRhdGUiOjYwMDAwMDAwMDAwMH19",
          "dependencies": [
            "aws_security_group.my_alb1_sg",
            "aws_subnet.public_subnet_a",
            "aws_subnet.public_subnet_b",
            "aws_vpc.my_petp_vpc"
          ]
        }
      ]
    },
    {
      "mode": "managed",
      "type": "aws_lb",
      "name": "my_alb2",
      "provider": "provider[\"registry.terraform.io/hashicorp/aws\"]",
      "instances": [
        {
          "schema_version": 0,
          "attributes": {
            "access_logs": [
              {
                "bucket": "",
                "enabled": false,
                "prefix": ""
              }
            ],
            "arn": "arn:aws:elasticloadbalancing:eu-north-1:654654200977:loadbalancer/app/my-alb2-default/f0843cfec3fcd9c1",
            "arn_suffix": "app/my-alb2-default/f0843cfec3fcd9c1",
            "client_keep_alive": 3600,
            "connection_logs": [
              {
                "bucket": "",
                "enabled": false,
                "prefix": ""
              }
            ],
            "customer_owned_ipv4_pool": "",
            "desync_mitigation_mode": "defensive",
            "dns_name": "my-alb2-default-385438651.eu-north-1.elb.amazonaws.com",
            "dns_record_client_routing_policy": null,
            "drop_invalid_header_fields": false,
            "enable_cross_zone_load_balancing": true,
            "enable_deletion_protection": false,
            "enable_http2": true,
            "enable_tls_version_and_cipher_suite_headers": false,
            "enable_waf_fail_open": false,
            "enable_xff_client_port": false,
            "enforce_security_group_inbound_rules_on_private_link_traffic": "",
            "id": "arn:aws:elasticloadbalancing:eu-north-1:654654200977:loadbalancer/app/my-alb2-default/f0843cfec3fcd9c1",
            "idle_timeout": 60,
            "internal": false,
            "ip_address_type": "ipv4",
            "load_balancer_type": "application",
            "name": "my-alb2-default",
            "name_prefix": "",
            "preserve_host_header": false,
            "security_groups": [
              "sg-0fb1d19211428f40a"
            ],
            "subnet_mapping": [
              {
                "allocation_id": "",
                "ipv6_address": "",
                "outpost_id": "",
                "private_ipv4_address": "",
                "subnet_id": "subnet-007128aa1bba6e21b"
              },
              {
                "allocation_id": "",
                "ipv6_address": "",
                "outpost_id": "",
                "private_ipv4_address": "",
                "subnet_id": "subnet-0fe2c63369c36e99e"
              }
            ],
            "subnets": [
              "subnet-007128aa1bba6e21b",
              "subnet-0fe2c63369c36e99e"
            ],
            "tags": {
              "Name": "my-alb2-default"
            },
            "tags_all": {
              "Name": "my-alb2-default"
            },
            "timeouts": null,
            "vpc_id": "vpc-0d55852e6d67d3a62",
            "xff_header_processing_mode": "append",
            "zone_id": "Z23TAZ6LKFMNIO"
          },
          "sensitive_attributes": [],
          "private": "eyJlMmJmYjczMC1lY2FhLTExZTYtOGY4OC0zNDM2M2JjN2M0YzAiOnsiY3JlYXRlIjo2MDAwMDAwMDAwMDAsImRlbGV0ZSI6NjAwMDAwMDAwMDAwLCJ1cGRhdGUiOjYwMDAwMDAwMDAwMH19",
          "dependencies": [
            "aws_security_group.my_alb2_sg",
            "aws_subnet.public_subnet_a",
            "aws_subnet.public_subnet_b",
            "aws_vpc.my_petp_vpc"
          ]
        }
      ]
    },
    {
      "mode": "managed",
      "type": "aws_lb_listener",
      "name": "alb1_http_listener",
      "provider": "provider[\"registry.terraform.io/hashicorp/aws\"]",
      "instances": [
        {
          "schema_version": 0,
          "attributes": {
            "alpn_policy": null,
            "arn": "arn:aws:elasticloadbalancing:eu-north-1:654654200977:listener/app/my-alb1-default/800d1aa355f5f95d/da35c9a70dbc98b9",
            "certificate_arn": null,
            "default_action": [
              {
                "authenticate_cognito": [],
                "authenticate_oidc": [],
                "fixed_response": [],
                "forward": [],
                "order": 1,
                "redirect": [],
                "target_group_arn": "arn:aws:elasticloadbalancing:eu-north-1:654654200977:targetgroup/rds-target-group-default/c1c39e9b11d104a7",
                "type": "forward"
              }
            ],
            "id": "arn:aws:elasticloadbalancing:eu-north-1:654654200977:listener/app/my-alb1-default/800d1aa355f5f95d/da35c9a70dbc98b9",
            "load_balancer_arn": "arn:aws:elasticloadbalancing:eu-north-1:654654200977:loadbalancer/app/my-alb1-default/800d1aa355f5f95d",
            "mutual_authentication": [],
            "port": 80,
            "protocol": "HTTP",
            "ssl_policy": "",
            "tags": {},
            "tags_all": {},
            "timeouts": null
          },
          "sensitive_attributes": [],
          "private": "eyJlMmJmYjczMC1lY2FhLTExZTYtOGY4OC0zNDM2M2JjN2M0YzAiOnsiY3JlYXRlIjozMDAwMDAwMDAwMDAsInVwZGF0ZSI6MzAwMDAwMDAwMDAwfX0=",
          "dependencies": [
            "aws_lb.my_alb1",
            "aws_lb_target_group.rds_target_group",
            "aws_security_group.my_alb1_sg",
            "aws_subnet.public_subnet_a",
            "aws_subnet.public_subnet_b",
            "aws_vpc.my_petp_vpc"
          ]
        }
      ]
    },
    {
      "mode": "managed",
      "type": "aws_lb_listener",
      "name": "alb2_http_listener",
      "provider": "provider[\"registry.terraform.io/hashicorp/aws\"]",
      "instances": [
        {
          "schema_version": 0,
          "attributes": {
            "alpn_policy": null,
            "arn": "arn:aws:elasticloadbalancing:eu-north-1:654654200977:listener/app/my-alb2-default/f0843cfec3fcd9c1/10ac963a0b7f5a70",
            "certificate_arn": null,
            "default_action": [
              {
                "authenticate_cognito": [],
                "authenticate_oidc": [],
                "fixed_response": [],
                "forward": [],
                "order": 1,
                "redirect": [],
                "target_group_arn": "arn:aws:elasticloadbalancing:eu-north-1:654654200977:targetgroup/redis-target-group-default/558593bae0bc1d3c",
                "type": "forward"
              }
            ],
            "id": "arn:aws:elasticloadbalancing:eu-north-1:654654200977:listener/app/my-alb2-default/f0843cfec3fcd9c1/10ac963a0b7f5a70",
            "load_balancer_arn": "arn:aws:elasticloadbalancing:eu-north-1:654654200977:loadbalancer/app/my-alb2-default/f0843cfec3fcd9c1",
            "mutual_authentication": [],
            "port": 80,
            "protocol": "HTTP",
            "ssl_policy": "",
            "tags": {},
            "tags_all": {},
            "timeouts": null
          },
          "sensitive_attributes": [],
          "private": "eyJlMmJmYjczMC1lY2FhLTExZTYtOGY4OC0zNDM2M2JjN2M0YzAiOnsiY3JlYXRlIjozMDAwMDAwMDAwMDAsInVwZGF0ZSI6MzAwMDAwMDAwMDAwfX0=",
          "dependencies": [
            "aws_lb.my_alb2",
            "aws_lb_target_group.redis_target_group",
            "aws_security_group.my_alb2_sg",
            "aws_subnet.public_subnet_a",
            "aws_subnet.public_subnet_b",
            "aws_vpc.my_petp_vpc"
          ]
        }
      ]
    },
    {
      "mode": "managed",
      "type": "aws_lb_target_group",
      "name": "rds_target_group",
      "provider": "provider[\"registry.terraform.io/hashicorp/aws\"]",
      "instances": [
        {
          "schema_version": 0,
          "attributes": {
            "arn": "arn:aws:elasticloadbalancing:eu-north-1:654654200977:targetgroup/rds-target-group-default/c1c39e9b11d104a7",
            "arn_suffix": "targetgroup/rds-target-group-default/c1c39e9b11d104a7",
            "connection_termination": null,
            "deregistration_delay": "300",
            "health_check": [
              {
                "enabled": true,
                "healthy_threshold": 2,
                "interval": 30,
                "matcher": "200",
                "path": "/test_connection/rds",
                "port": "traffic-port",
                "protocol": "HTTP",
                "timeout": 5,
                "unhealthy_threshold": 2
              }
            ],
            "id": "arn:aws:elasticloadbalancing:eu-north-1:654654200977:targetgroup/rds-target-group-default/c1c39e9b11d104a7",
            "ip_address_type": "ipv4",
            "lambda_multi_value_headers_enabled": false,
            "load_balancer_arns": [
              "arn:aws:elasticloadbalancing:eu-north-1:654654200977:loadbalancer/app/my-alb1-default/800d1aa355f5f95d"
            ],
            "load_balancing_algorithm_type": "round_robin",
            "load_balancing_anomaly_mitigation": "off",
            "load_balancing_cross_zone_enabled": "use_load_balancer_configuration",
            "name": "rds-target-group-default",
            "name_prefix": "",
            "port": 8001,
            "preserve_client_ip": null,
            "protocol": "HTTP",
            "protocol_version": "HTTP1",
            "proxy_protocol_v2": false,
            "slow_start": 0,
            "stickiness": [
              {
                "cookie_duration": 86400,
                "cookie_name": "",
                "enabled": false,
                "type": "lb_cookie"
              }
            ],
            "tags": {
              "Name": "rds-target-group-default"
            },
            "tags_all": {
              "Name": "rds-target-group-default"
            },
            "target_failover": [
              {
                "on_deregistration": null,
                "on_unhealthy": null
              }
            ],
            "target_group_health": [
              {
                "dns_failover": [
                  {
                    "minimum_healthy_targets_count": "1",
                    "minimum_healthy_targets_percentage": "off"
                  }
                ],
                "unhealthy_state_routing": [
                  {
                    "minimum_healthy_targets_count": 1,
                    "minimum_healthy_targets_percentage": "off"
                  }
                ]
              }
            ],
            "target_health_state": [
              {
                "enable_unhealthy_connection_termination": null,
                "unhealthy_draining_interval": null
              }
            ],
            "target_type": "instance",
            "vpc_id": "vpc-0d55852e6d67d3a62"
          },
          "sensitive_attributes": [],
          "private": "bnVsbA==",
          "dependencies": [
            "aws_vpc.my_petp_vpc"
          ]
        }
      ]
    },
    {
      "mode": "managed",
      "type": "aws_lb_target_group",
      "name": "redis_target_group",
      "provider": "provider[\"registry.terraform.io/hashicorp/aws\"]",
      "instances": [
        {
          "schema_version": 0,
          "attributes": {
            "arn": "arn:aws:elasticloadbalancing:eu-north-1:654654200977:targetgroup/redis-target-group-default/558593bae0bc1d3c",
            "arn_suffix": "targetgroup/redis-target-group-default/558593bae0bc1d3c",
            "connection_termination": null,
            "deregistration_delay": "300",
            "health_check": [
              {
                "enabled": true,
                "healthy_threshold": 2,
                "interval": 30,
                "matcher": "200",
                "path": "/test_connection/redis",
                "port": "traffic-port",
                "protocol": "HTTP",
                "timeout": 5,
                "unhealthy_threshold": 2
              }
            ],
            "id": "arn:aws:elasticloadbalancing:eu-north-1:654654200977:targetgroup/redis-target-group-default/558593bae0bc1d3c",
            "ip_address_type": "ipv4",
            "lambda_multi_value_headers_enabled": false,
            "load_balancer_arns": [
              "arn:aws:elasticloadbalancing:eu-north-1:654654200977:loadbalancer/app/my-alb2-default/f0843cfec3fcd9c1"
            ],
            "load_balancing_algorithm_type": "round_robin",
            "load_balancing_anomaly_mitigation": "off",
            "load_balancing_cross_zone_enabled": "use_load_balancer_configuration",
            "name": "redis-target-group-default",
            "name_prefix": "",
            "port": 8002,
            "preserve_client_ip": null,
            "protocol": "HTTP",
            "protocol_version": "HTTP1",
            "proxy_protocol_v2": false,
            "slow_start": 0,
            "stickiness": [
              {
                "cookie_duration": 86400,
                "cookie_name": "",
                "enabled": false,
                "type": "lb_cookie"
              }
            ],
            "tags": {
              "Name": "redis-target-group-default"
            },
            "tags_all": {
              "Name": "redis-target-group-default"
            },
            "target_failover": [
              {
                "on_deregistration": null,
                "on_unhealthy": null
              }
            ],
            "target_group_health": [
              {
                "dns_failover": [
                  {
                    "minimum_healthy_targets_count": "1",
                    "minimum_healthy_targets_percentage": "off"
                  }
                ],
                "unhealthy_state_routing": [
                  {
                    "minimum_healthy_targets_count": 1,
                    "minimum_healthy_targets_percentage": "off"
                  }
                ]
              }
            ],
            "target_health_state": [
              {
                "enable_unhealthy_connection_termination": null,
                "unhealthy_draining_interval": null
              }
            ],
            "target_type": "instance",
            "vpc_id": "vpc-0d55852e6d67d3a62"
          },
          "sensitive_attributes": [],
          "private": "bnVsbA==",
          "dependencies": [
            "aws_vpc.my_petp_vpc"
          ]
        }
      ]
    },
    {
      "mode": "managed",
      "type": "aws_lb_target_group_attachment",
      "name": "rds_attachment",
      "provider": "provider[\"registry.terraform.io/hashicorp/aws\"]",
      "instances": [
        {
          "schema_version": 0,
          "attributes": {
            "availability_zone": null,
            "id": "arn:aws:elasticloadbalancing:eu-north-1:654654200977:targetgroup/rds-target-group-default/c1c39e9b11d104a7-20241007115423004400000004",
            "port": 8001,
            "target_group_arn": "arn:aws:elasticloadbalancing:eu-north-1:654654200977:targetgroup/rds-target-group-default/c1c39e9b11d104a7",
            "target_id": "i-0e28a71b9ec1742ba"
          },
          "sensitive_attributes": [],
          "private": "bnVsbA==",
          "dependencies": [
            "aws_instance.private_inst",
            "aws_key_pair.petp_keypair",
            "aws_lb_target_group.rds_target_group",
            "aws_security_group.my_alb1_sg",
            "aws_security_group.my_alb2_sg",
            "aws_security_group.private_inst_sg",
            "aws_subnet.private_subnet",
            "aws_vpc.my_petp_vpc",
            "tls_private_key.rsa-4096"
          ]
        }
      ]
    },
    {
      "mode": "managed",
      "type": "aws_lb_target_group_attachment",
      "name": "redis_attachment",
      "provider": "provider[\"registry.terraform.io/hashicorp/aws\"]",
      "instances": [
        {
          "schema_version": 0,
          "attributes": {
            "availability_zone": null,
            "id": "arn:aws:elasticloadbalancing:eu-north-1:654654200977:targetgroup/redis-target-group-default/558593bae0bc1d3c-20241007115422984500000003",
            "port": 8002,
            "target_group_arn": "arn:aws:elasticloadbalancing:eu-north-1:654654200977:targetgroup/redis-target-group-default/558593bae0bc1d3c",
            "target_id": "i-0e28a71b9ec1742ba"
          },
          "sensitive_attributes": [],
          "private": "bnVsbA==",
          "dependencies": [
            "aws_instance.private_inst",
            "aws_key_pair.petp_keypair",
            "aws_lb_target_group.redis_target_group",
            "aws_security_group.my_alb1_sg",
            "aws_security_group.my_alb2_sg",
            "aws_security_group.private_inst_sg",
            "aws_subnet.private_subnet",
            "aws_vpc.my_petp_vpc",
            "tls_private_key.rsa-4096"
          ]
        }
      ]
    },
    {
      "mode": "managed",
      "type": "aws_nat_gateway",
      "name": "nat_gw",
      "provider": "provider[\"registry.terraform.io/hashicorp/aws\"]",
      "instances": [
        {
          "schema_version": 0,
          "attributes": {
            "allocation_id": "eipalloc-05d24c446e7d1f5ac",
            "association_id": "eipassoc-0da57c8bd308bb1f5",
            "connectivity_type": "public",
            "id": "nat-043e35a6bc8e665f8",
            "network_interface_id": "eni-0ff4bd6d243bb97d2",
            "private_ip": "10.0.0.173",
            "public_ip": "13.50.0.49",
            "secondary_allocation_ids": [],
            "secondary_private_ip_address_count": 0,
            "secondary_private_ip_addresses": [],
            "subnet_id": "subnet-06583876b73b52bfa",
            "tags": {
              "Name": "my-nat-gateway-default"
            },
            "tags_all": {
              "Name": "my-nat-gateway-default"
            },
            "timeouts": null
          },
          "sensitive_attributes": [],
          "private": "eyJlMmJmYjczMC1lY2FhLTExZTYtOGY4OC0zNDM2M2JjN2M0YzAiOnsiY3JlYXRlIjo2MDAwMDAwMDAwMDAsImRlbGV0ZSI6MTgwMDAwMDAwMDAwMCwidXBkYXRlIjo2MDAwMDAwMDAwMDB9fQ==",
          "dependencies": [
            "aws_eip.nat_eip",
            "aws_subnet.public_subnet",
            "aws_vpc.my_petp_vpc"
          ]
        }
      ]
    },
    {
      "mode": "managed",
      "type": "aws_route_table",
      "name": "private_route_table",
      "provider": "provider[\"registry.terraform.io/hashicorp/aws\"]",
      "instances": [
        {
          "schema_version": 0,
          "attributes": {
            "arn": "arn:aws:ec2:eu-north-1:654654200977:route-table/rtb-0acb3c54696f55f55",
            "id": "rtb-0acb3c54696f55f55",
            "owner_id": "654654200977",
            "propagating_vgws": [],
            "route": [
              {
                "carrier_gateway_id": "",
                "cidr_block": "0.0.0.0/0",
                "core_network_arn": "",
                "destination_prefix_list_id": "",
                "egress_only_gateway_id": "",
                "gateway_id": "",
                "ipv6_cidr_block": "",
                "local_gateway_id": "",
                "nat_gateway_id": "nat-043e35a6bc8e665f8",
                "network_interface_id": "",
                "transit_gateway_id": "",
                "vpc_endpoint_id": "",
                "vpc_peering_connection_id": ""
              }
            ],
            "tags": {
              "Name": "my-private-route-table-default"
            },
            "tags_all": {
              "Name": "my-private-route-table-default"
            },
            "timeouts": null,
            "vpc_id": "vpc-0d55852e6d67d3a62"
          },
          "sensitive_attributes": [],
          "private": "eyJlMmJmYjczMC1lY2FhLTExZTYtOGY4OC0zNDM2M2JjN2M0YzAiOnsiY3JlYXRlIjozMDAwMDAwMDAwMDAsImRlbGV0ZSI6MzAwMDAwMDAwMDAwLCJ1cGRhdGUiOjEyMDAwMDAwMDAwMH19",
          "dependencies": [
            "aws_eip.nat_eip",
            "aws_nat_gateway.nat_gw",
            "aws_subnet.public_subnet",
            "aws_vpc.my_petp_vpc"
          ]
        }
      ]
    },
    {
      "mode": "managed",
      "type": "aws_route_table",
      "name": "public_route_table",
      "provider": "provider[\"registry.terraform.io/hashicorp/aws\"]",
      "instances": [
        {
          "schema_version": 0,
          "attributes": {
            "arn": "arn:aws:ec2:eu-north-1:654654200977:route-table/rtb-0a1932cc88b3281d4",
            "id": "rtb-0a1932cc88b3281d4",
            "owner_id": "654654200977",
            "propagating_vgws": [],
            "route": [
              {
                "carrier_gateway_id": "",
                "cidr_block": "0.0.0.0/0",
                "core_network_arn": "",
                "destination_prefix_list_id": "",
                "egress_only_gateway_id": "",
                "gateway_id": "igw-041da01ecb53b954f",
                "ipv6_cidr_block": "",
                "local_gateway_id": "",
                "nat_gateway_id": "",
                "network_interface_id": "",
                "transit_gateway_id": "",
                "vpc_endpoint_id": "",
                "vpc_peering_connection_id": ""
              }
            ],
            "tags": {
              "Name": "my-public-route-table-default"
            },
            "tags_all": {
              "Name": "my-public-route-table-default"
            },
            "timeouts": null,
            "vpc_id": "vpc-0d55852e6d67d3a62"
          },
          "sensitive_attributes": [],
          "private": "eyJlMmJmYjczMC1lY2FhLTExZTYtOGY4OC0zNDM2M2JjN2M0YzAiOnsiY3JlYXRlIjozMDAwMDAwMDAwMDAsImRlbGV0ZSI6MzAwMDAwMDAwMDAwLCJ1cGRhdGUiOjEyMDAwMDAwMDAwMH19",
          "dependencies": [
            "aws_internet_gateway.igw",
            "aws_vpc.my_petp_vpc"
          ]
        }
      ]
    },
    {
      "mode": "managed",
      "type": "aws_route_table_association",
      "name": "private_subnet_assoc",
      "provider": "provider[\"registry.terraform.io/hashicorp/aws\"]",
      "instances": [
        {
          "schema_version": 0,
          "attributes": {
            "gateway_id": "",
            "id": "rtbassoc-074f45a7909b0cd06",
            "route_table_id": "rtb-0acb3c54696f55f55",
            "subnet_id": "subnet-0958c315496d5384c",
            "timeouts": null
          },
          "sensitive_attributes": [],
          "private": "eyJlMmJmYjczMC1lY2FhLTExZTYtOGY4OC0zNDM2M2JjN2M0YzAiOnsiY3JlYXRlIjozMDAwMDAwMDAwMDAsImRlbGV0ZSI6MzAwMDAwMDAwMDAwLCJ1cGRhdGUiOjEyMDAwMDAwMDAwMH19",
          "dependencies": [
            "aws_eip.nat_eip",
            "aws_nat_gateway.nat_gw",
            "aws_route_table.private_route_table",
            "aws_subnet.private_subnet",
            "aws_subnet.public_subnet",
            "aws_vpc.my_petp_vpc"
          ]
        }
      ]
    },
    {
      "mode": "managed",
      "type": "aws_route_table_association",
      "name": "public_route_assoc",
      "provider": "provider[\"registry.terraform.io/hashicorp/aws\"]",
      "instances": [
        {
          "schema_version": 0,
          "attributes": {
            "gateway_id": "",
            "id": "rtbassoc-03f8ef01ff11a73da",
            "route_table_id": "rtb-0a1932cc88b3281d4",
            "subnet_id": "subnet-06583876b73b52bfa",
            "timeouts": null
          },
          "sensitive_attributes": [],
          "private": "eyJlMmJmYjczMC1lY2FhLTExZTYtOGY4OC0zNDM2M2JjN2M0YzAiOnsiY3JlYXRlIjozMDAwMDAwMDAwMDAsImRlbGV0ZSI6MzAwMDAwMDAwMDAwLCJ1cGRhdGUiOjEyMDAwMDAwMDAwMH19",
          "dependencies": [
            "aws_internet_gateway.igw",
            "aws_route_table.public_route_table",
            "aws_subnet.public_subnet",
            "aws_vpc.my_petp_vpc"
          ]
        }
      ]
    },
    {
      "mode": "managed",
      "type": "aws_route_table_association",
      "name": "public_subnet_b_assoc",
      "provider": "provider[\"registry.terraform.io/hashicorp/aws\"]",
      "instances": [
        {
          "schema_version": 0,
          "attributes": {
            "gateway_id": "",
            "id": "rtbassoc-0b4ac98fc0b205736",
            "route_table_id": "rtb-0a1932cc88b3281d4",
            "subnet_id": "subnet-007128aa1bba6e21b",
            "timeouts": null
          },
          "sensitive_attributes": [],
          "private": "eyJlMmJmYjczMC1lY2FhLTExZTYtOGY4OC0zNDM2M2JjN2M0YzAiOnsiY3JlYXRlIjozMDAwMDAwMDAwMDAsImRlbGV0ZSI6MzAwMDAwMDAwMDAwLCJ1cGRhdGUiOjEyMDAwMDAwMDAwMH19",
          "dependencies": [
            "aws_internet_gateway.igw",
            "aws_route_table.public_route_table",
            "aws_subnet.public_subnet_b",
            "aws_vpc.my_petp_vpc"
          ]
        }
      ]
    },
    {
      "mode": "managed",
      "type": "aws_s3_bucket",
      "name": "example",
      "provider": "provider[\"registry.terraform.io/hashicorp/aws\"]",
      "instances": [
        {
          "schema_version": 0,
          "attributes": {
            "acceleration_status": "",
            "acl": null,
            "arn": "arn:aws:s3:::petp-tf-bucket-default",
            "bucket": "petp-tf-bucket-default",
            "bucket_domain_name": "petp-tf-bucket-default.s3.amazonaws.com",
            "bucket_prefix": "",
            "bucket_regional_domain_name": "petp-tf-bucket-default.s3.eu-north-1.amazonaws.com",
            "cors_rule": [],
            "force_destroy": false,
            "grant": [
              {
                "id": "4927a349ea4e440633f1578fb82ecb5bbf861d3ae6d0ca5e2d32d6d62ee8b1ad",
                "permissions": [
                  "FULL_CONTROL"
                ],
                "type": "CanonicalUser",
                "uri": ""
              }
            ],
            "hosted_zone_id": "Z3BAZG2TWCNX0D",
            "id": "petp-tf-bucket-default",
            "lifecycle_rule": [],
            "logging": [],
            "object_lock_configuration": [],
            "object_lock_enabled": false,
            "policy": "{\"Statement\":[{\"Action\":\"s3:GetObject\",\"Effect\":\"Allow\",\"Principal\":\"*\",\"Resource\":\"arn:aws:s3:::petp-tf-bucket-default/*\"}],\"Version\":\"2012-10-17\"}",
            "region": "eu-north-1",
            "replication_configuration": [],
            "request_payer": "BucketOwner",
            "server_side_encryption_configuration": [
              {
                "rule": [
                  {
                    "apply_server_side_encryption_by_default": [
                      {
                        "kms_master_key_id": "",
                        "sse_algorithm": "AES256"
                      }
                    ],
                    "bucket_key_enabled": false
                  }
                ]
              }
            ],
            "tags": {},
            "tags_all": {},
            "timeouts": null,
            "versioning": [
              {
                "enabled": false,
                "mfa_delete": false
              }
            ],
            "website": [
              {
                "error_document": "",
                "index_document": "index.html",
                "redirect_all_requests_to": "",
                "routing_rules": ""
              }
            ],
            "website_domain": "s3-website.eu-north-1.amazonaws.com",
            "website_endpoint": "petp-tf-bucket-default.s3-website.eu-north-1.amazonaws.com"
          },
          "sensitive_attributes": [],
          "private": "eyJlMmJmYjczMC1lY2FhLTExZTYtOGY4OC0zNDM2M2JjN2M0YzAiOnsiY3JlYXRlIjoxMjAwMDAwMDAwMDAwLCJkZWxldGUiOjM2MDAwMDAwMDAwMDAsInJlYWQiOjEyMDAwMDAwMDAwMDAsInVwZGF0ZSI6MTIwMDAwMDAwMDAwMH19"
        }
      ]
    },
    {
      "mode": "managed",
      "type": "aws_s3_bucket_policy",
      "name": "front_bucket_policy",
      "provider": "provider[\"registry.terraform.io/hashicorp/aws\"]",
      "instances": [
        {
          "schema_version": 0,
          "attributes": {
            "bucket": "petp-tf-bucket-default",
            "id": "petp-tf-bucket-default",
            "policy": "{\"Statement\":[{\"Action\":\"s3:GetObject\",\"Effect\":\"Allow\",\"Principal\":\"*\",\"Resource\":\"arn:aws:s3:::petp-tf-bucket-default/*\"}],\"Version\":\"2012-10-17\"}"
          },
          "sensitive_attributes": [],
          "private": "bnVsbA==",
          "dependencies": [
            "aws_s3_bucket.example",
            "aws_s3_bucket_public_access_block.example"
          ]
        }
      ]
    },
    {
      "mode": "managed",
      "type": "aws_s3_bucket_public_access_block",
      "name": "example",
      "provider": "provider[\"registry.terraform.io/hashicorp/aws\"]",
      "instances": [
        {
          "schema_version": 0,
          "attributes": {
            "block_public_acls": false,
            "block_public_policy": false,
            "bucket": "petp-tf-bucket-default",
            "id": "petp-tf-bucket-default",
            "ignore_public_acls": false,
            "restrict_public_buckets": false
          },
          "sensitive_attributes": [],
          "private": "bnVsbA==",
          "dependencies": [
            "aws_s3_bucket.example"
          ]
        }
      ]
    },
    {
      "mode": "managed",
      "type": "aws_s3_bucket_website_configuration",
      "name": "example",
      "provider": "provider[\"registry.terraform.io/hashicorp/aws\"]",
      "instances": [
        {
          "schema_version": 0,
          "attributes": {
            "bucket": "petp-tf-bucket-default",
            "error_document": [],
            "expected_bucket_owner": "",
            "id": "petp-tf-bucket-default",
            "index_document": [
              {
                "suffix": "index.html"
              }
            ],
            "redirect_all_requests_to": [],
            "routing_rule": [],
            "routing_rules": "",
            "website_domain": "s3-website.eu-north-1.amazonaws.com",
            "website_endpoint": "petp-tf-bucket-default.s3-website.eu-north-1.amazonaws.com"
          },
          "sensitive_attributes": [],
          "private": "bnVsbA==",
          "dependencies": [
            "aws_s3_bucket.example"
          ]
        }
      ]
    },
    {
      "mode": "managed",
      "type": "aws_security_group",
      "name": "bastion_sg",
      "provider": "provider[\"registry.terraform.io/hashicorp/aws\"]",
      "instances": [
        {
          "schema_version": 1,
          "attributes": {
            "arn": "arn:aws:ec2:eu-north-1:654654200977:security-group/sg-08142079909f670b9",
            "description": "Managed by Terraform",
            "egress": [
              {
                "cidr_blocks": [
                  "0.0.0.0/0"
                ],
                "description": "",
                "from_port": 0,
                "ipv6_cidr_blocks": [],
                "prefix_list_ids": [],
                "protocol": "-1",
                "security_groups": [],
                "self": false,
                "to_port": 0
              }
            ],
            "id": "sg-08142079909f670b9",
            "ingress": [
              {
                "cidr_blocks": [
                  "0.0.0.0/0"
                ],
                "description": "",
                "from_port": 22,
                "ipv6_cidr_blocks": [],
                "prefix_list_ids": [],
                "protocol": "tcp",
                "security_groups": [],
                "self": false,
                "to_port": 22
              }
            ],
            "name": "terraform-20241007114310312600000003",
            "name_prefix": "terraform-",
            "owner_id": "654654200977",
            "revoke_rules_on_delete": false,
            "tags": {
              "Name": "bastion_sg"
            },
            "tags_all": {
              "Name": "bastion_sg"
            },
            "timeouts": null,
            "vpc_id": "vpc-0d55852e6d67d3a62"
          },
          "sensitive_attributes": [],
          "private": "eyJlMmJmYjczMC1lY2FhLTExZTYtOGY4OC0zNDM2M2JjN2M0YzAiOnsiY3JlYXRlIjo2MDAwMDAwMDAwMDAsImRlbGV0ZSI6OTAwMDAwMDAwMDAwfSwic2NoZW1hX3ZlcnNpb24iOiIxIn0=",
          "dependencies": [
            "aws_vpc.my_petp_vpc"
          ]
        }
      ]
    },
    {
      "mode": "managed",
      "type": "aws_security_group",
      "name": "my_alb1_sg",
      "provider": "provider[\"registry.terraform.io/hashicorp/aws\"]",
      "instances": [
        {
          "schema_version": 1,
          "attributes": {
            "arn": "arn:aws:ec2:eu-north-1:654654200977:security-group/sg-07d8a0e6564488d61",
            "description": "Allow HTTP/HTTPS traffic to ALB1 (default)",
            "egress": [
              {
                "cidr_blocks": [
                  "0.0.0.0/0"
                ],
                "description": "",
                "from_port": 0,
                "ipv6_cidr_blocks": [],
                "prefix_list_ids": [],
                "protocol": "-1",
                "security_groups": [],
                "self": false,
                "to_port": 0
              }
            ],
            "id": "sg-07d8a0e6564488d61",
            "ingress": [
              {
                "cidr_blocks": [
                  "0.0.0.0/0"
                ],
                "description": "",
                "from_port": -1,
                "ipv6_cidr_blocks": [],
                "prefix_list_ids": [],
                "protocol": "icmp",
                "security_groups": [],
                "self": false,
                "to_port": -1
              },
              {
                "cidr_blocks": [
                  "0.0.0.0/0"
                ],
                "description": "",
                "from_port": 443,
                "ipv6_cidr_blocks": [],
                "prefix_list_ids": [],
                "protocol": "tcp",
                "security_groups": [],
                "self": false,
                "to_port": 443
              },
              {
                "cidr_blocks": [
                  "0.0.0.0/0"
                ],
                "description": "",
                "from_port": 80,
                "ipv6_cidr_blocks": [],
                "prefix_list_ids": [],
                "protocol": "tcp",
                "security_groups": [],
                "self": false,
                "to_port": 80
              }
            ],
            "name": "alb1-sg-default",
            "name_prefix": "",
            "owner_id": "654654200977",
            "revoke_rules_on_delete": false,
            "tags": {
              "Name": "alb1-sg-default"
            },
            "tags_all": {
              "Name": "alb1-sg-default"
            },
            "timeouts": null,
            "vpc_id": "vpc-0d55852e6d67d3a62"
          },
          "sensitive_attributes": [],
          "private": "eyJlMmJmYjczMC1lY2FhLTExZTYtOGY4OC0zNDM2M2JjN2M0YzAiOnsiY3JlYXRlIjo2MDAwMDAwMDAwMDAsImRlbGV0ZSI6OTAwMDAwMDAwMDAwfSwic2NoZW1hX3ZlcnNpb24iOiIxIn0=",
          "dependencies": [
            "aws_vpc.my_petp_vpc"
          ]
        }
      ]
    },
    {
      "mode": "managed",
      "type": "aws_security_group",
      "name": "my_alb2_sg",
      "provider": "provider[\"registry.terraform.io/hashicorp/aws\"]",
      "instances": [
        {
          "schema_version": 1,
          "attributes": {
            "arn": "arn:aws:ec2:eu-north-1:654654200977:security-group/sg-0fb1d19211428f40a",
            "description": "Allow HTTP/HTTPS traffic to ALB2 (default)",
            "egress": [
              {
                "cidr_blocks": [
                  "0.0.0.0/0"
                ],
                "description": "",
                "from_port": 0,
                "ipv6_cidr_blocks": [],
                "prefix_list_ids": [],
                "protocol": "-1",
                "security_groups": [],
                "self": false,
                "to_port": 0
              }
            ],
            "id": "sg-0fb1d19211428f40a",
            "ingress": [
              {
                "cidr_blocks": [
                  "0.0.0.0/0"
                ],
                "description": "",
                "from_port": 443,
                "ipv6_cidr_blocks": [],
                "prefix_list_ids": [],
                "protocol": "tcp",
                "security_groups": [],
                "self": false,
                "to_port": 443
              },
              {
                "cidr_blocks": [
                  "0.0.0.0/0"
                ],
                "description": "",
                "from_port": 80,
                "ipv6_cidr_blocks": [],
                "prefix_list_ids": [],
                "protocol": "tcp",
                "security_groups": [],
                "self": false,
                "to_port": 80
              }
            ],
            "name": "alb2-sg-default",
            "name_prefix": "",
            "owner_id": "654654200977",
            "revoke_rules_on_delete": false,
            "tags": {
              "Name": "alb2-sg-default"
            },
            "tags_all": {
              "Name": "alb2-sg-default"
            },
            "timeouts": null,
            "vpc_id": "vpc-0d55852e6d67d3a62"
          },
          "sensitive_attributes": [],
          "private": "eyJlMmJmYjczMC1lY2FhLTExZTYtOGY4OC0zNDM2M2JjN2M0YzAiOnsiY3JlYXRlIjo2MDAwMDAwMDAwMDAsImRlbGV0ZSI6OTAwMDAwMDAwMDAwfSwic2NoZW1hX3ZlcnNpb24iOiIxIn0=",
          "dependencies": [
            "aws_vpc.my_petp_vpc"
          ]
        }
      ]
    },
    {
      "mode": "managed",
      "type": "aws_security_group",
      "name": "my_rds_sg",
      "provider": "provider[\"registry.terraform.io/hashicorp/aws\"]",
      "instances": [
        {
          "schema_version": 1,
          "attributes": {
            "arn": "arn:aws:ec2:eu-north-1:654654200977:security-group/sg-0f563ff6c002c9640",
            "description": "Security group for RDS instance (default)",
            "egress": [
              {
                "cidr_blocks": [
                  "0.0.0.0/0"
                ],
                "description": "",
                "from_port": 0,
                "ipv6_cidr_blocks": [],
                "prefix_list_ids": [],
                "protocol": "-1",
                "security_groups": [],
                "self": false,
                "to_port": 0
              }
            ],
            "id": "sg-0f563ff6c002c9640",
            "ingress": [
              {
                "cidr_blocks": [
                  "10.0.1.0/24",
                  "10.0.2.0/24"
                ],
                "description": "",
                "from_port": 5432,
                "ipv6_cidr_blocks": [],
                "prefix_list_ids": [],
                "protocol": "tcp",
                "security_groups": [],
                "self": false,
                "to_port": 5432
              }
            ],
            "name": "my-rds-sg-default",
            "name_prefix": "",
            "owner_id": "654654200977",
            "revoke_rules_on_delete": false,
            "tags": {
              "Name": "my-rds-sg-default"
            },
            "tags_all": {
              "Name": "my-rds-sg-default"
            },
            "timeouts": null,
            "vpc_id": "vpc-0d55852e6d67d3a62"
          },
          "sensitive_attributes": [],
          "private": "eyJlMmJmYjczMC1lY2FhLTExZTYtOGY4OC0zNDM2M2JjN2M0YzAiOnsiY3JlYXRlIjo2MDAwMDAwMDAwMDAsImRlbGV0ZSI6OTAwMDAwMDAwMDAwfSwic2NoZW1hX3ZlcnNpb24iOiIxIn0=",
          "dependencies": [
            "aws_vpc.my_petp_vpc"
          ]
        }
      ]
    },
    {
      "mode": "managed",
      "type": "aws_security_group",
      "name": "private_inst_sg",
      "provider": "provider[\"registry.terraform.io/hashicorp/aws\"]",
      "instances": [
        {
          "schema_version": 1,
          "attributes": {
            "arn": "arn:aws:ec2:eu-north-1:654654200977:security-group/sg-0e11ab0b017d11709",
            "description": "Managed by Terraform",
            "egress": [
              {
                "cidr_blocks": [
                  "0.0.0.0/0"
                ],
                "description": "",
                "from_port": 0,
                "ipv6_cidr_blocks": [],
                "prefix_list_ids": [],
                "protocol": "-1",
                "security_groups": [],
                "self": false,
                "to_port": 0
              }
            ],
            "id": "sg-0e11ab0b017d11709",
            "ingress": [
              {
                "cidr_blocks": [
                  "10.0.0.0/24"
                ],
                "description": "",
                "from_port": 22,
                "ipv6_cidr_blocks": [],
                "prefix_list_ids": [],
                "protocol": "tcp",
                "security_groups": [],
                "self": false,
                "to_port": 22
              },
              {
                "cidr_blocks": [],
                "description": "",
                "from_port": 8001,
                "ipv6_cidr_blocks": [],
                "prefix_list_ids": [],
                "protocol": "tcp",
                "security_groups": [
                  "sg-07d8a0e6564488d61"
                ],
                "self": false,
                "to_port": 8001
              },
              {
                "cidr_blocks": [],
                "description": "",
                "from_port": 8002,
                "ipv6_cidr_blocks": [],
                "prefix_list_ids": [],
                "protocol": "tcp",
                "security_groups": [
                  "sg-0fb1d19211428f40a"
                ],
                "self": false,
                "to_port": 8002
              }
            ],
            "name": "terraform-20241007114313501800000007",
            "name_prefix": "terraform-",
            "owner_id": "654654200977",
            "revoke_rules_on_delete": false,
            "tags": {
              "Name": "private_inst_sg"
            },
            "tags_all": {
              "Name": "private_inst_sg"
            },
            "timeouts": null,
            "vpc_id": "vpc-0d55852e6d67d3a62"
          },
          "sensitive_attributes": [],
          "private": "eyJlMmJmYjczMC1lY2FhLTExZTYtOGY4OC0zNDM2M2JjN2M0YzAiOnsiY3JlYXRlIjo2MDAwMDAwMDAwMDAsImRlbGV0ZSI6OTAwMDAwMDAwMDAwfSwic2NoZW1hX3ZlcnNpb24iOiIxIn0=",
          "dependencies": [
            "aws_security_group.my_alb1_sg",
            "aws_security_group.my_alb2_sg",
            "aws_vpc.my_petp_vpc"
          ]
        }
      ]
    },
    {
      "mode": "managed",
      "type": "aws_subnet",
      "name": "private_subnet",
      "provider": "provider[\"registry.terraform.io/hashicorp/aws\"]",
      "instances": [
        {
          "schema_version": 1,
          "attributes": {
            "arn": "arn:aws:ec2:eu-north-1:654654200977:subnet/subnet-0958c315496d5384c",
            "assign_ipv6_address_on_creation": false,
            "availability_zone": "eu-north-1a",
            "availability_zone_id": "eun1-az1",
            "cidr_block": "10.0.1.0/24",
            "customer_owned_ipv4_pool": "",
            "enable_dns64": false,
            "enable_lni_at_device_index": 0,
            "enable_resource_name_dns_a_record_on_launch": false,
            "enable_resource_name_dns_aaaa_record_on_launch": false,
            "id": "subnet-0958c315496d5384c",
            "ipv6_cidr_block": "",
            "ipv6_cidr_block_association_id": "",
            "ipv6_native": false,
            "map_customer_owned_ip_on_launch": false,
            "map_public_ip_on_launch": false,
            "outpost_arn": "",
            "owner_id": "654654200977",
            "private_dns_hostname_type_on_launch": "ip-name",
            "tags": {
              "Name": "my-private-subnet-default"
            },
            "tags_all": {
              "Name": "my-private-subnet-default"
            },
            "timeouts": null,
            "vpc_id": "vpc-0d55852e6d67d3a62"
          },
          "sensitive_attributes": [],
          "private": "eyJlMmJmYjczMC1lY2FhLTExZTYtOGY4OC0zNDM2M2JjN2M0YzAiOnsiY3JlYXRlIjo2MDAwMDAwMDAwMDAsImRlbGV0ZSI6MTIwMDAwMDAwMDAwMH0sInNjaGVtYV92ZXJzaW9uIjoiMSJ9",
          "dependencies": [
            "aws_vpc.my_petp_vpc"
          ]
        }
      ]
    },
    {
      "mode": "managed",
      "type": "aws_subnet",
      "name": "private_subnet_a",
      "provider": "provider[\"registry.terraform.io/hashicorp/aws\"]",
      "instances": [
        {
          "schema_version": 1,
          "attributes": {
            "arn": "arn:aws:ec2:eu-north-1:654654200977:subnet/subnet-0ec3d5534c4e92900",
            "assign_ipv6_address_on_creation": false,
            "availability_zone": "eu-north-1a",
            "availability_zone_id": "eun1-az1",
            "cidr_block": "10.0.3.0/24",
            "customer_owned_ipv4_pool": "",
            "enable_dns64": false,
            "enable_lni_at_device_index": 0,
            "enable_resource_name_dns_a_record_on_launch": false,
            "enable_resource_name_dns_aaaa_record_on_launch": false,
            "id": "subnet-0ec3d5534c4e92900",
            "ipv6_cidr_block": "",
            "ipv6_cidr_block_association_id": "",
            "ipv6_native": false,
            "map_customer_owned_ip_on_launch": false,
            "map_public_ip_on_launch": false,
            "outpost_arn": "",
            "owner_id": "654654200977",
            "private_dns_hostname_type_on_launch": "ip-name",
            "tags": {
              "Name": "my-private-subnet-a-default"
            },
            "tags_all": {
              "Name": "my-private-subnet-a-default"
            },
            "timeouts": null,
            "vpc_id": "vpc-0d55852e6d67d3a62"
          },
          "sensitive_attributes": [],
          "private": "eyJlMmJmYjczMC1lY2FhLTExZTYtOGY4OC0zNDM2M2JjN2M0YzAiOnsiY3JlYXRlIjo2MDAwMDAwMDAwMDAsImRlbGV0ZSI6MTIwMDAwMDAwMDAwMH0sInNjaGVtYV92ZXJzaW9uIjoiMSJ9",
          "dependencies": [
            "aws_vpc.my_petp_vpc"
          ]
        }
      ]
    },
    {
      "mode": "managed",
      "type": "aws_subnet",
      "name": "private_subnet_b",
      "provider": "provider[\"registry.terraform.io/hashicorp/aws\"]",
      "instances": [
        {
          "schema_version": 1,
          "attributes": {
            "arn": "arn:aws:ec2:eu-north-1:654654200977:subnet/subnet-074753165934c580c",
            "assign_ipv6_address_on_creation": false,
            "availability_zone": "eu-north-1b",
            "availability_zone_id": "eun1-az2",
            "cidr_block": "10.0.4.0/24",
            "customer_owned_ipv4_pool": "",
            "enable_dns64": false,
            "enable_lni_at_device_index": 0,
            "enable_resource_name_dns_a_record_on_launch": false,
            "enable_resource_name_dns_aaaa_record_on_launch": false,
            "id": "subnet-074753165934c580c",
            "ipv6_cidr_block": "",
            "ipv6_cidr_block_association_id": "",
            "ipv6_native": false,
            "map_customer_owned_ip_on_launch": false,
            "map_public_ip_on_launch": false,
            "outpost_arn": "",
            "owner_id": "654654200977",
            "private_dns_hostname_type_on_launch": "ip-name",
            "tags": {
              "Name": "my-private-subnet-b-default"
            },
            "tags_all": {
              "Name": "my-private-subnet-b-default"
            },
            "timeouts": null,
            "vpc_id": "vpc-0d55852e6d67d3a62"
          },
          "sensitive_attributes": [],
          "private": "eyJlMmJmYjczMC1lY2FhLTExZTYtOGY4OC0zNDM2M2JjN2M0YzAiOnsiY3JlYXRlIjo2MDAwMDAwMDAwMDAsImRlbGV0ZSI6MTIwMDAwMDAwMDAwMH0sInNjaGVtYV92ZXJzaW9uIjoiMSJ9",
          "dependencies": [
            "aws_vpc.my_petp_vpc"
          ]
        }
      ]
    },
    {
      "mode": "managed",
      "type": "aws_subnet",
      "name": "public_subnet",
      "provider": "provider[\"registry.terraform.io/hashicorp/aws\"]",
      "instances": [
        {
          "schema_version": 1,
          "attributes": {
            "arn": "arn:aws:ec2:eu-north-1:654654200977:subnet/subnet-06583876b73b52bfa",
            "assign_ipv6_address_on_creation": false,
            "availability_zone": "eu-north-1a",
            "availability_zone_id": "eun1-az1",
            "cidr_block": "10.0.0.0/24",
            "customer_owned_ipv4_pool": "",
            "enable_dns64": false,
            "enable_lni_at_device_index": 0,
            "enable_resource_name_dns_a_record_on_launch": false,
            "enable_resource_name_dns_aaaa_record_on_launch": false,
            "id": "subnet-06583876b73b52bfa",
            "ipv6_cidr_block": "",
            "ipv6_cidr_block_association_id": "",
            "ipv6_native": false,
            "map_customer_owned_ip_on_launch": false,
            "map_public_ip_on_launch": false,
            "outpost_arn": "",
            "owner_id": "654654200977",
            "private_dns_hostname_type_on_launch": "ip-name",
            "tags": {
              "Name": "my-public-subnet-default"
            },
            "tags_all": {
              "Name": "my-public-subnet-default"
            },
            "timeouts": null,
            "vpc_id": "vpc-0d55852e6d67d3a62"
          },
          "sensitive_attributes": [],
          "private": "eyJlMmJmYjczMC1lY2FhLTExZTYtOGY4OC0zNDM2M2JjN2M0YzAiOnsiY3JlYXRlIjo2MDAwMDAwMDAwMDAsImRlbGV0ZSI6MTIwMDAwMDAwMDAwMH0sInNjaGVtYV92ZXJzaW9uIjoiMSJ9",
          "dependencies": [
            "aws_vpc.my_petp_vpc"
          ]
        }
      ]
    },
    {
      "mode": "managed",
      "type": "aws_subnet",
      "name": "public_subnet_a",
      "provider": "provider[\"registry.terraform.io/hashicorp/aws\"]",
      "instances": [
        {
          "schema_version": 1,
          "attributes": {
            "arn": "arn:aws:ec2:eu-north-1:654654200977:subnet/subnet-0fe2c63369c36e99e",
            "assign_ipv6_address_on_creation": false,
            "availability_zone": "eu-north-1a",
            "availability_zone_id": "eun1-az1",
            "cidr_block": "10.0.6.0/24",
            "customer_owned_ipv4_pool": "",
            "enable_dns64": false,
            "enable_lni_at_device_index": 0,
            "enable_resource_name_dns_a_record_on_launch": false,
            "enable_resource_name_dns_aaaa_record_on_launch": false,
            "id": "subnet-0fe2c63369c36e99e",
            "ipv6_cidr_block": "",
            "ipv6_cidr_block_association_id": "",
            "ipv6_native": false,
            "map_customer_owned_ip_on_launch": false,
            "map_public_ip_on_launch": false,
            "outpost_arn": "",
            "owner_id": "654654200977",
            "private_dns_hostname_type_on_launch": "ip-name",
            "tags": {
              "Name": "my-public-subnet-a-default"
            },
            "tags_all": {
              "Name": "my-public-subnet-a-default"
            },
            "timeouts": null,
            "vpc_id": "vpc-0d55852e6d67d3a62"
          },
          "sensitive_attributes": [],
          "private": "eyJlMmJmYjczMC1lY2FhLTExZTYtOGY4OC0zNDM2M2JjN2M0YzAiOnsiY3JlYXRlIjo2MDAwMDAwMDAwMDAsImRlbGV0ZSI6MTIwMDAwMDAwMDAwMH0sInNjaGVtYV92ZXJzaW9uIjoiMSJ9",
          "dependencies": [
            "aws_vpc.my_petp_vpc"
          ]
        }
      ]
    },
    {
      "mode": "managed",
      "type": "aws_subnet",
      "name": "public_subnet_b",
      "provider": "provider[\"registry.terraform.io/hashicorp/aws\"]",
      "instances": [
        {
          "schema_version": 1,
          "attributes": {
            "arn": "arn:aws:ec2:eu-north-1:654654200977:subnet/subnet-007128aa1bba6e21b",
            "assign_ipv6_address_on_creation": false,
            "availability_zone": "eu-north-1b",
            "availability_zone_id": "eun1-az2",
            "cidr_block": "10.0.8.0/24",
            "customer_owned_ipv4_pool": "",
            "enable_dns64": false,
            "enable_lni_at_device_index": 0,
            "enable_resource_name_dns_a_record_on_launch": false,
            "enable_resource_name_dns_aaaa_record_on_launch": false,
            "id": "subnet-007128aa1bba6e21b",
            "ipv6_cidr_block": "",
            "ipv6_cidr_block_association_id": "",
            "ipv6_native": false,
            "map_customer_owned_ip_on_launch": false,
            "map_public_ip_on_launch": false,
            "outpost_arn": "",
            "owner_id": "654654200977",
            "private_dns_hostname_type_on_launch": "ip-name",
            "tags": {
              "Name": "my-public-subnet-b-default"
            },
            "tags_all": {
              "Name": "my-public-subnet-b-default"
            },
            "timeouts": null,
            "vpc_id": "vpc-0d55852e6d67d3a62"
          },
          "sensitive_attributes": [],
          "private": "eyJlMmJmYjczMC1lY2FhLTExZTYtOGY4OC0zNDM2M2JjN2M0YzAiOnsiY3JlYXRlIjo2MDAwMDAwMDAwMDAsImRlbGV0ZSI6MTIwMDAwMDAwMDAwMH0sInNjaGVtYV92ZXJzaW9uIjoiMSJ9",
          "dependencies": [
            "aws_vpc.my_petp_vpc"
          ]
        }
      ]
    },
    {
      "mode": "managed",
      "type": "aws_vpc",
      "name": "my_petp_vpc",
      "provider": "provider[\"registry.terraform.io/hashicorp/aws\"]",
      "instances": [
        {
          "schema_version": 1,
          "attributes": {
            "arn": "arn:aws:ec2:eu-north-1:654654200977:vpc/vpc-0d55852e6d67d3a62",
            "assign_generated_ipv6_cidr_block": false,
            "cidr_block": "10.0.0.0/18",
            "default_network_acl_id": "acl-0d95935edcaab9574",
            "default_route_table_id": "rtb-081569ac5524421df",
            "default_security_group_id": "sg-0170bf70f5507204b",
            "dhcp_options_id": "dopt-0fccf2f5f4aa21596",
            "enable_dns_hostnames": true,
            "enable_dns_support": true,
            "enable_network_address_usage_metrics": false,
            "id": "vpc-0d55852e6d67d3a62",
            "instance_tenancy": "default",
            "ipv4_ipam_pool_id": null,
            "ipv4_netmask_length": null,
            "ipv6_association_id": "",
            "ipv6_cidr_block": "",
            "ipv6_cidr_block_network_border_group": "",
            "ipv6_ipam_pool_id": "",
            "ipv6_netmask_length": 0,
            "main_route_table_id": "rtb-081569ac5524421df",
            "owner_id": "654654200977",
            "tags": {
              "Name": "my-petp-vpc-default"
            },
            "tags_all": {
              "Name": "my-petp-vpc-default"
            }
          },
          "sensitive_attributes": [],
          "private": "eyJzY2hlbWFfdmVyc2lvbiI6IjEifQ=="
        }
      ]
    },
    {
      "mode": "managed",
      "type": "local_file",
      "name": "private_key",
      "provider": "provider[\"registry.terraform.io/hashicorp/local\"]",
      "instances": [
        {
          "schema_version": 0,
          "attributes": {
            "content": "-----BEGIN RSA PRIVATE KEY-----\nMIIJKAIBAAKCAgEAuPWbCuzNO95Uamk5yueyJa6rLZ+qPYoTjrd4/0jQudITGw5d\n7LmKSzLthRn/EsTHgRgE7nYOhVEKyINSCzhtIk6986+UaKoLsW29Rv2nSsm+Xvsu\nuv1cJF5zcEmSulkzjAWzKmo2WPc7pPoXuJfeWDFWCpxnvlnLxVM9SBXJnqVV1JWm\nXe+KUJxm7/bNPZF/sPepTTTdpbykt1y5THi5Fr4zFsd+1c82oOvBdh1nwjv6GTWJ\n2tiQo4kPPfN4toF0gvSb1FgKk23bIiVFl/WpiLi2Az198ykP9GkJL+DheuQy6Edu\nF6YSLzITfcMCFINM2zRyPt80cRqARwwwoR0erQQPN2pS+vQwOF1lUJJRqHUqvb3v\nFZ+wIogm36db/QdOFHnlFDFsgsit1JLz8XivXgnP13Mhkh9iy89F2gXsV7kus37R\nZ+Odl70te/K/KvkK7fGxbYepQocEd7IzgXYcGljRL/Jtm4FgEZ46PvSs1dcZQtOo\nLwuptI8L+NFZKooTeJB/SiadyCd8ivWJUHNsRNdbcQoISh7UFrR45oIlf2hX7gTE\nJBK1IKmpYHhGHo9cLzAUP7NAeuO/z7BD02GF1BJgl/b7bWI8fZvZtL4tHKW3Sfhu\nsb69tloTBviMgSnbKTUHBEAoSckcF6UEMr8clBp7zIfvZPWeOJ7KsQWs7FkCAwEA\nAQKCAgEAkfWQIrD4zRQIvejIKK1rUn1irKBhcirygB+dpqfJv7peRW2zBUruLaXE\n9tKrDh6n6eIQkjYsA10PC2lGZ4Bh7z8Ae7vFfEsk6yHUyp8FU+mdB8tk9z9VZYX7\nx1LoLZKTMR6WYxRqSw7fzLNn4M5IMoTMh5ch739hZRjpNWesMjv7XcWzAlI0bqTe\nPuQe10Vo5TisLDdZ6p7RxbmwqP5j4eS64HESUJwzWg5yH0nZRdia5yXu4fshOUzB\n8HugeTXzwhxSlOHdhracxXdwUhkVbsWFLU1rhWaUJqZ1D4mBpr9KxS8JXDQ8CW6V\nHxuzGoj7L8lVlvQBqHfnXynpfltChqMAMJxSPux4rZfSWxaCQ1nCpT+gQKEFDt2H\nYYsbU9ZtLXkagrY8gyt3fxGFtv1LF7gxaSGzcEd4oNOYtbz0sQa4v2i2P3U/KLgi\nuEiiVmIZcESNQGO+rGXcbRkkVolSV2H/7fSPHs5BmNaX97ux3nmeqrUKryPtr9Mn\nHrpwNjV+hSRs8gGUSUGhD4t2YGp7TeHBTEqE70fB3tblwU0Pzzua4N2MYIKwPBHK\nDzqDiuOSYQXiYlrCFjupGXu7cfCO3l+GvXB9mL0jY6Kdl3cJmXTn9g/jjcdCXyEl\nYwB3vg6Efj/iokfTzFdx6dFoNrDGjUS6pS7jftfl7saAOSH7HjkCggEBANDOTacd\nKJ5D2OEYNrc3SYwVeRz0/pl0k5RQYXcSs4znKo2zsRxRPi0M5Fko4LRe3LoHX1kz\nInwaTM9gyquOY8VRfb8451b3SPRM1Cm0BwyBc25OgteMxJmYBXT8FLS1YNIxO/8H\nB1eujlwIRlLCnfyJCkjI065uSJGWd74CxVVEj64twoWlsUdeoRpLQv9tQ4/S7rxs\nWWjHJ27DYc6aKYuP8MWjO9mtHmiK4h1iyHYh2Fwi+A6qyGGDI4wTD+H4PSBuG0vd\nZj7hjjWpflDJvnVOk2GXXB6krxWwgNbgjgmD6FBwf3yW3C2X2VFiXFzN/smKz4M3\nFbLMlqsxPKuhpgcCggEBAOLDhg8HZSWQiCbQ+Oeowserz1qcft4M/Xiuv+lHwf14\ni755vGo4I41t0qZe7U9+9cbkcw6IqnLCc2VXOm3J0lr96xs15h1IhE6Erw4U+cm/\n9ymEnHRXN5EN1CaUDyn/p2rZaW4GU2QrdqUuAnl+7skasr9f1gzFon6T9Opvw/MA\nGU801oIUhH8vmUTk1fXS8uteqYHnaGMLaDmKCYsUAFIfnEQAxZ4YVvyrxOiKggxf\nIknDcUGVizzA2XVvEywS2Mbv0bO0ifsNZVDv7DH2yz5FjdokZYAuEEnMKhfqqaDt\nWeDU4HvS018n7lvwH/l7NicOORfNsdEimZ+nWw5/Qp8CggEAFNsmYnTFI9m/Bey3\nOmGpVPaoHD5UV9uPChdlRNF3YbGNTI4QOLXcsf9Bp64vk5SOE369BVnYLfEqjuQq\nGiykxoa3OqxiXwtgHBa4clnrAlLDxtbMtt72nCjVErRDFTGwtA364iQ/lYB387VX\n4NhTk2/UuSRmEFwvn2saFr6MG1I3z7v+W/8K0Aghq1CtJnoxb2IwOl3QKGkMBUI6\nuLopQClmcTc2uS1ThjmpECpXv4Tt6XYMtNpWHXdNy6XzxixXXq/gxhkdJ1a8L5v4\nY/VisrDgg7TsnJryagYxOEVBqq2kPLSf5z/iSiOKr1hVxWdF9beJtp9/6VYKDpti\nZfpFbQKCAQBjz0e8abbdd+ZVn3lPDfrdxAO6kFNPDUyrx870sP7zwBFSP2btIdSU\nNZiYXgP6D5nCd18lMIZFiM0d9+zh0gliv4yyJ2En1nlVzhT3D8h6QqJZheMPWiw9\nDmcoq9aY18wqvZMoOGSQHIlWXw/7xiD4J2Yx0c73RC4npJwSbCtFU+/P6yPXkYxY\nJu1BY6/BSZ5edwYJBX/uyGCRou5cZutVOlCfpe9VjMUM5dX/vKdNJrqC2SGKinYE\nwaV1iPRZW9pKhdg5TufEtrq3i0LdIxGGUTsEnyyF5MCKmvCUIleTW6VJzqkYF02t\n/ndtxB1uxAqr2hjLH2B6+s2/dfwgP2dlAoIBADeWusz4Q8ZVqgf+h960MRVrc1IO\nckdjU3jWcYRidthwFCkviyaC5Kw8FpOWp98RG3eYMP82tQxID8Pd6tTW+I0Xp3bq\nMZLWnNyVvE/f2RDgpwG5PF2s8+wwa2NiU3LzYmF6UhBkv7q+CqnIMoOfW+Y7/qcP\ne1HduJf/7HF2pKuon5yyOcHkB+4mPhQ8Qd//AeRqwO4Q9HuEqkw69SMdt8l+Lq12\nni4j5zSiIFPdFuPtAaAby8HdA0tzjQhUiW6ZeVpcGRZyStQYDeHWHwx38smhc2DH\nU9uMVXGlHKiCfnoQY78ilAy/T7iVJxwNJUmn/FXt8mej1NSFJpwy+l1ifuE=\n-----END RSA PRIVATE KEY-----\n",
            "content_base64": null,
            "content_base64sha256": "zP6bqpMmjSMZlru8hSg5OOnjUeuZd0GF9zV21PKwSGc=",
            "content_base64sha512": "gGWANcpVbRyUGbRT7M0JRadrdh8UV9XD1IQn8ZxBVoO52plGe/X43Qsyo6Dogrwh/GUZRHy7tcBD5M/4RmoYTA==",
            "content_md5": "4d92b85a94f953b4391a621f5b7c5c42",
            "content_sha1": "52b0ffc503de097d8ed92b57e0606168900a646d",
            "content_sha256": "ccfe9baa93268d231996bbbc85283938e9e351eb99774185f73576d4f2b04867",
            "content_sha512": "80658035ca556d1c9419b453eccd0945a76b761f1457d5c3d48427f19c415683b9da99467bf5f8dd0b32a3a0e882bc21fc6519447cbbb5c043e4cff8466a184c",
            "directory_permission": "0777",
            "file_permission": "0777",
            "filename": "petp_keypair-default",
            "id": "52b0ffc503de097d8ed92b57e0606168900a646d",
            "sensitive_content": null,
            "source": null
          },
          "sensitive_attributes": [
            [
              {
                "type": "get_attr",
                "value": "sensitive_content"
              }
            ],
            [
              {
                "type": "get_attr",
                "value": "content"
              }
            ]
          ],
          "dependencies": [
            "tls_private_key.rsa-4096"
          ]
        }
      ]
    },
    {
      "mode": "managed",
      "type": "tls_private_key",
      "name": "rsa-4096",
      "provider": "provider[\"registry.terraform.io/hashicorp/tls\"]",
      "instances": [
        {
          "schema_version": 1,
          "attributes": {
            "algorithm": "RSA",
            "ecdsa_curve": "P224",
            "id": "8eb23ca74b3ffb712e0fb7637c906e017d004710",
            "private_key_openssh": "-----BEGIN OPENSSH PRIVATE KEY-----\nb3BlbnNzaC1rZXktdjEAAAAABG5vbmUAAAAEbm9uZQAAAAAAAAABAAACFwAAAAdz\nc2gtcnNhAAAAAwEAAQAAAgEAuPWbCuzNO95Uamk5yueyJa6rLZ+qPYoTjrd4/0jQ\nudITGw5d7LmKSzLthRn/EsTHgRgE7nYOhVEKyINSCzhtIk6986+UaKoLsW29Rv2n\nSsm+Xvsuuv1cJF5zcEmSulkzjAWzKmo2WPc7pPoXuJfeWDFWCpxnvlnLxVM9SBXJ\nnqVV1JWmXe+KUJxm7/bNPZF/sPepTTTdpbykt1y5THi5Fr4zFsd+1c82oOvBdh1n\nwjv6GTWJ2tiQo4kPPfN4toF0gvSb1FgKk23bIiVFl/WpiLi2Az198ykP9GkJL+Dh\neuQy6EduF6YSLzITfcMCFINM2zRyPt80cRqARwwwoR0erQQPN2pS+vQwOF1lUJJR\nqHUqvb3vFZ+wIogm36db/QdOFHnlFDFsgsit1JLz8XivXgnP13Mhkh9iy89F2gXs\nV7kus37RZ+Odl70te/K/KvkK7fGxbYepQocEd7IzgXYcGljRL/Jtm4FgEZ46PvSs\n1dcZQtOoLwuptI8L+NFZKooTeJB/SiadyCd8ivWJUHNsRNdbcQoISh7UFrR45oIl\nf2hX7gTEJBK1IKmpYHhGHo9cLzAUP7NAeuO/z7BD02GF1BJgl/b7bWI8fZvZtL4t\nHKW3Sfhusb69tloTBviMgSnbKTUHBEAoSckcF6UEMr8clBp7zIfvZPWeOJ7KsQWs\n7FkAAAc4zHn4rMx5+KwAAAAHc3NoLXJzYQAAAgEAuPWbCuzNO95Uamk5yueyJa6r\nLZ+qPYoTjrd4/0jQudITGw5d7LmKSzLthRn/EsTHgRgE7nYOhVEKyINSCzhtIk69\n86+UaKoLsW29Rv2nSsm+Xvsuuv1cJF5zcEmSulkzjAWzKmo2WPc7pPoXuJfeWDFW\nCpxnvlnLxVM9SBXJnqVV1JWmXe+KUJxm7/bNPZF/sPepTTTdpbykt1y5THi5Fr4z\nFsd+1c82oOvBdh1nwjv6GTWJ2tiQo4kPPfN4toF0gvSb1FgKk23bIiVFl/WpiLi2\nAz198ykP9GkJL+DheuQy6EduF6YSLzITfcMCFINM2zRyPt80cRqARwwwoR0erQQP\nN2pS+vQwOF1lUJJRqHUqvb3vFZ+wIogm36db/QdOFHnlFDFsgsit1JLz8XivXgnP\n13Mhkh9iy89F2gXsV7kus37RZ+Odl70te/K/KvkK7fGxbYepQocEd7IzgXYcGljR\nL/Jtm4FgEZ46PvSs1dcZQtOoLwuptI8L+NFZKooTeJB/SiadyCd8ivWJUHNsRNdb\ncQoISh7UFrR45oIlf2hX7gTEJBK1IKmpYHhGHo9cLzAUP7NAeuO/z7BD02GF1BJg\nl/b7bWI8fZvZtL4tHKW3Sfhusb69tloTBviMgSnbKTUHBEAoSckcF6UEMr8clBp7\nzIfvZPWeOJ7KsQWs7FkAAAADAQABAAACAQCR9ZAisPjNFAi96MgorWtSfWKsoGFy\nKvKAH52mp8m/ul5FbbMFSu4tpcT20qsOHqfp4hCSNiwDXQ8LaUZngGHvPwB7u8V8\nSyTrIdTKnwVT6Z0Hy2T3P1VlhfvHUugtkpMxHpZjFGpLDt/Ms2fgzkgyhMyHlyHv\nf2FlGOk1Z6wyO/tdxbMCUjRupN4+5B7XRWjlOKwsN1nqntHFubCo/mPh5LrgcRJQ\nnDNaDnIfSdlF2JrnJe7h+yE5TMHwe6B5NfPCHFKU4d2GtpzFd3BSGRVuxYUtTWuF\nZpQmpnUPiYGmv0rFLwlcNDwJbpUfG7MaiPsvyVWW9AGod+dfKel+W0KGowAwnFI+\n7Hitl9JbFoJDWcKlP6BAoQUO3YdhixtT1m0teRqCtjyDK3d/EYW2/UsXuDFpIbNw\nR3ig05i1vPSxBri/aLY/dT8ouCK4SKJWYhlwRI1AY76sZdxtGSRWiVJXYf/t9I8e\nzkGY1pf3u7HeeZ6qtQqvI+2v0yceunA2NX6FJGzyAZRJQaEPi3ZgantN4cFMSoTv\nR8He1uXBTQ/PO5rg3YxggrA8EcoPOoOK45JhBeJiWsIWO6kZe7tx8I7eX4a9cH2Y\nvSNjop2XdwmZdOf2D+ONx0JfISVjAHe+DoR+P+KiR9PMV3Hp0Wg2sMaNRLqlLuN+\n1+XuxoA5IfseOQAAAQA3lrrM+EPGVaoH/ofetDEVa3NSDnJHY1N41nGEYnbYcBQp\nL4smguSsPBaTlqffERt3mDD/NrUMSA/D3erU1viNF6d26jGS1pzclbxP39kQ4KcB\nuTxdrPPsMGtjYlNy82JhelIQZL+6vgqpyDKDn1vmO/6nD3tR3biX/+xxdqSrqJ+c\nsjnB5AfuJj4UPEHf/wHkasDuEPR7hKpMOvUjHbfJfi6tdp4uI+c0oiBT3Rbj7QGg\nG8vB3QNLc40IVIlumXlaXBkWckrUGA3h1h8Md/LJoXNgx1PbjFVxpRyogn56EGO/\nIpQMv0+4lSccDSVJp/xV7fJno9TUhSacMvpdYn7hAAABAQDQzk2nHSieQ9jhGDa3\nN0mMFXkc9P6ZdJOUUGF3ErOM5yqNs7EcUT4tDORZKOC0Xty6B19ZMyJ8GkzPYMqr\njmPFUX2/OOdW90j0TNQptAcMgXNuToLXjMSZmAV0/BS0tWDSMTv/BwdXro5cCEZS\nwp38iQpIyNOubkiRlne+AsVVRI+uLcKFpbFHXqEaS0L/bUOP0u68bFloxyduw2HO\nmimLj/DFozvZrR5oiuIdYsh2IdhcIvgOqshhgyOMEw/h+D0gbhtL3WY+4Y41qX5Q\nyb51TpNhl1wepK8VsIDW4I4Jg+hQcH98ltwtl9lRYlxczf7Jis+DNxWyzJarMTyr\noaYHAAABAQDiw4YPB2UlkIgm0PjnqMLHq89anH7eDP14rr/pR8H9eIu+ebxqOCON\nbdKmXu1PfvXG5HMOiKpywnNlVzptydJa/esbNeYdSIROhK8OFPnJv/cphJx0VzeR\nDdQmlA8p/6dq2WluBlNkK3alLgJ5fu7JGrK/X9YMxaJ+k/Tqb8PzABlPNNaCFIR/\nL5lE5NX10vLrXqmB52hjC2g5igmLFABSH5xEAMWeGFb8q8ToioIMXyJJw3FBlYs8\nwNl1bxMsEtjG79GztIn7DWVQ7+wx9ss+RY3aJGWALhBJzCoX6qmg7Vng1OB70tNf\nJ+5b8B/5ezYnDjkXzbHRIpmfp1sOf0KfAAAAAAEC\n-----END OPENSSH PRIVATE KEY-----\n",
            "private_key_pem": "-----BEGIN RSA PRIVATE KEY-----\nMIIJKAIBAAKCAgEAuPWbCuzNO95Uamk5yueyJa6rLZ+qPYoTjrd4/0jQudITGw5d\n7LmKSzLthRn/EsTHgRgE7nYOhVEKyINSCzhtIk6986+UaKoLsW29Rv2nSsm+Xvsu\nuv1cJF5zcEmSulkzjAWzKmo2WPc7pPoXuJfeWDFWCpxnvlnLxVM9SBXJnqVV1JWm\nXe+KUJxm7/bNPZF/sPepTTTdpbykt1y5THi5Fr4zFsd+1c82oOvBdh1nwjv6GTWJ\n2tiQo4kPPfN4toF0gvSb1FgKk23bIiVFl/WpiLi2Az198ykP9GkJL+DheuQy6Edu\nF6YSLzITfcMCFINM2zRyPt80cRqARwwwoR0erQQPN2pS+vQwOF1lUJJRqHUqvb3v\nFZ+wIogm36db/QdOFHnlFDFsgsit1JLz8XivXgnP13Mhkh9iy89F2gXsV7kus37R\nZ+Odl70te/K/KvkK7fGxbYepQocEd7IzgXYcGljRL/Jtm4FgEZ46PvSs1dcZQtOo\nLwuptI8L+NFZKooTeJB/SiadyCd8ivWJUHNsRNdbcQoISh7UFrR45oIlf2hX7gTE\nJBK1IKmpYHhGHo9cLzAUP7NAeuO/z7BD02GF1BJgl/b7bWI8fZvZtL4tHKW3Sfhu\nsb69tloTBviMgSnbKTUHBEAoSckcF6UEMr8clBp7zIfvZPWeOJ7KsQWs7FkCAwEA\nAQKCAgEAkfWQIrD4zRQIvejIKK1rUn1irKBhcirygB+dpqfJv7peRW2zBUruLaXE\n9tKrDh6n6eIQkjYsA10PC2lGZ4Bh7z8Ae7vFfEsk6yHUyp8FU+mdB8tk9z9VZYX7\nx1LoLZKTMR6WYxRqSw7fzLNn4M5IMoTMh5ch739hZRjpNWesMjv7XcWzAlI0bqTe\nPuQe10Vo5TisLDdZ6p7RxbmwqP5j4eS64HESUJwzWg5yH0nZRdia5yXu4fshOUzB\n8HugeTXzwhxSlOHdhracxXdwUhkVbsWFLU1rhWaUJqZ1D4mBpr9KxS8JXDQ8CW6V\nHxuzGoj7L8lVlvQBqHfnXynpfltChqMAMJxSPux4rZfSWxaCQ1nCpT+gQKEFDt2H\nYYsbU9ZtLXkagrY8gyt3fxGFtv1LF7gxaSGzcEd4oNOYtbz0sQa4v2i2P3U/KLgi\nuEiiVmIZcESNQGO+rGXcbRkkVolSV2H/7fSPHs5BmNaX97ux3nmeqrUKryPtr9Mn\nHrpwNjV+hSRs8gGUSUGhD4t2YGp7TeHBTEqE70fB3tblwU0Pzzua4N2MYIKwPBHK\nDzqDiuOSYQXiYlrCFjupGXu7cfCO3l+GvXB9mL0jY6Kdl3cJmXTn9g/jjcdCXyEl\nYwB3vg6Efj/iokfTzFdx6dFoNrDGjUS6pS7jftfl7saAOSH7HjkCggEBANDOTacd\nKJ5D2OEYNrc3SYwVeRz0/pl0k5RQYXcSs4znKo2zsRxRPi0M5Fko4LRe3LoHX1kz\nInwaTM9gyquOY8VRfb8451b3SPRM1Cm0BwyBc25OgteMxJmYBXT8FLS1YNIxO/8H\nB1eujlwIRlLCnfyJCkjI065uSJGWd74CxVVEj64twoWlsUdeoRpLQv9tQ4/S7rxs\nWWjHJ27DYc6aKYuP8MWjO9mtHmiK4h1iyHYh2Fwi+A6qyGGDI4wTD+H4PSBuG0vd\nZj7hjjWpflDJvnVOk2GXXB6krxWwgNbgjgmD6FBwf3yW3C2X2VFiXFzN/smKz4M3\nFbLMlqsxPKuhpgcCggEBAOLDhg8HZSWQiCbQ+Oeowserz1qcft4M/Xiuv+lHwf14\ni755vGo4I41t0qZe7U9+9cbkcw6IqnLCc2VXOm3J0lr96xs15h1IhE6Erw4U+cm/\n9ymEnHRXN5EN1CaUDyn/p2rZaW4GU2QrdqUuAnl+7skasr9f1gzFon6T9Opvw/MA\nGU801oIUhH8vmUTk1fXS8uteqYHnaGMLaDmKCYsUAFIfnEQAxZ4YVvyrxOiKggxf\nIknDcUGVizzA2XVvEywS2Mbv0bO0ifsNZVDv7DH2yz5FjdokZYAuEEnMKhfqqaDt\nWeDU4HvS018n7lvwH/l7NicOORfNsdEimZ+nWw5/Qp8CggEAFNsmYnTFI9m/Bey3\nOmGpVPaoHD5UV9uPChdlRNF3YbGNTI4QOLXcsf9Bp64vk5SOE369BVnYLfEqjuQq\nGiykxoa3OqxiXwtgHBa4clnrAlLDxtbMtt72nCjVErRDFTGwtA364iQ/lYB387VX\n4NhTk2/UuSRmEFwvn2saFr6MG1I3z7v+W/8K0Aghq1CtJnoxb2IwOl3QKGkMBUI6\nuLopQClmcTc2uS1ThjmpECpXv4Tt6XYMtNpWHXdNy6XzxixXXq/gxhkdJ1a8L5v4\nY/VisrDgg7TsnJryagYxOEVBqq2kPLSf5z/iSiOKr1hVxWdF9beJtp9/6VYKDpti\nZfpFbQKCAQBjz0e8abbdd+ZVn3lPDfrdxAO6kFNPDUyrx870sP7zwBFSP2btIdSU\nNZiYXgP6D5nCd18lMIZFiM0d9+zh0gliv4yyJ2En1nlVzhT3D8h6QqJZheMPWiw9\nDmcoq9aY18wqvZMoOGSQHIlWXw/7xiD4J2Yx0c73RC4npJwSbCtFU+/P6yPXkYxY\nJu1BY6/BSZ5edwYJBX/uyGCRou5cZutVOlCfpe9VjMUM5dX/vKdNJrqC2SGKinYE\nwaV1iPRZW9pKhdg5TufEtrq3i0LdIxGGUTsEnyyF5MCKmvCUIleTW6VJzqkYF02t\n/ndtxB1uxAqr2hjLH2B6+s2/dfwgP2dlAoIBADeWusz4Q8ZVqgf+h960MRVrc1IO\nckdjU3jWcYRidthwFCkviyaC5Kw8FpOWp98RG3eYMP82tQxID8Pd6tTW+I0Xp3bq\nMZLWnNyVvE/f2RDgpwG5PF2s8+wwa2NiU3LzYmF6UhBkv7q+CqnIMoOfW+Y7/qcP\ne1HduJf/7HF2pKuon5yyOcHkB+4mPhQ8Qd//AeRqwO4Q9HuEqkw69SMdt8l+Lq12\nni4j5zSiIFPdFuPtAaAby8HdA0tzjQhUiW6ZeVpcGRZyStQYDeHWHwx38smhc2DH\nU9uMVXGlHKiCfnoQY78ilAy/T7iVJxwNJUmn/FXt8mej1NSFJpwy+l1ifuE=\n-----END RSA PRIVATE KEY-----\n",
            "private_key_pem_pkcs8": "-----BEGIN PRIVATE KEY-----\nMIIJQgIBADANBgkqhkiG9w0BAQEFAASCCSwwggkoAgEAAoICAQC49ZsK7M073lRq\naTnK57Ilrqstn6o9ihOOt3j/SNC50hMbDl3suYpLMu2FGf8SxMeBGATudg6FUQrI\ng1ILOG0iTr3zr5Roqguxbb1G/adKyb5e+y66/VwkXnNwSZK6WTOMBbMqajZY9zuk\n+he4l95YMVYKnGe+WcvFUz1IFcmepVXUlaZd74pQnGbv9s09kX+w96lNNN2lvKS3\nXLlMeLkWvjMWx37Vzzag68F2HWfCO/oZNYna2JCjiQ8983i2gXSC9JvUWAqTbdsi\nJUWX9amIuLYDPX3zKQ/0aQkv4OF65DLoR24XphIvMhN9wwIUg0zbNHI+3zRxGoBH\nDDChHR6tBA83alL69DA4XWVQklGodSq9ve8Vn7AiiCbfp1v9B04UeeUUMWyCyK3U\nkvPxeK9eCc/XcyGSH2LLz0XaBexXuS6zftFn452XvS178r8q+Qrt8bFth6lChwR3\nsjOBdhwaWNEv8m2bgWARnjo+9KzV1xlC06gvC6m0jwv40VkqihN4kH9KJp3IJ3yK\n9YlQc2xE11txCghKHtQWtHjmgiV/aFfuBMQkErUgqalgeEYej1wvMBQ/s0B647/P\nsEPTYYXUEmCX9vttYjx9m9m0vi0cpbdJ+G6xvr22WhMG+IyBKdspNQcEQChJyRwX\npQQyvxyUGnvMh+9k9Z44nsqxBazsWQIDAQABAoICAQCR9ZAisPjNFAi96MgorWtS\nfWKsoGFyKvKAH52mp8m/ul5FbbMFSu4tpcT20qsOHqfp4hCSNiwDXQ8LaUZngGHv\nPwB7u8V8SyTrIdTKnwVT6Z0Hy2T3P1VlhfvHUugtkpMxHpZjFGpLDt/Ms2fgzkgy\nhMyHlyHvf2FlGOk1Z6wyO/tdxbMCUjRupN4+5B7XRWjlOKwsN1nqntHFubCo/mPh\n5LrgcRJQnDNaDnIfSdlF2JrnJe7h+yE5TMHwe6B5NfPCHFKU4d2GtpzFd3BSGRVu\nxYUtTWuFZpQmpnUPiYGmv0rFLwlcNDwJbpUfG7MaiPsvyVWW9AGod+dfKel+W0KG\nowAwnFI+7Hitl9JbFoJDWcKlP6BAoQUO3YdhixtT1m0teRqCtjyDK3d/EYW2/UsX\nuDFpIbNwR3ig05i1vPSxBri/aLY/dT8ouCK4SKJWYhlwRI1AY76sZdxtGSRWiVJX\nYf/t9I8ezkGY1pf3u7HeeZ6qtQqvI+2v0yceunA2NX6FJGzyAZRJQaEPi3ZgantN\n4cFMSoTvR8He1uXBTQ/PO5rg3YxggrA8EcoPOoOK45JhBeJiWsIWO6kZe7tx8I7e\nX4a9cH2YvSNjop2XdwmZdOf2D+ONx0JfISVjAHe+DoR+P+KiR9PMV3Hp0Wg2sMaN\nRLqlLuN+1+XuxoA5IfseOQKCAQEA0M5Npx0onkPY4Rg2tzdJjBV5HPT+mXSTlFBh\ndxKzjOcqjbOxHFE+LQzkWSjgtF7cugdfWTMifBpMz2DKq45jxVF9vzjnVvdI9EzU\nKbQHDIFzbk6C14zEmZgFdPwUtLVg0jE7/wcHV66OXAhGUsKd/IkKSMjTrm5IkZZ3\nvgLFVUSPri3ChaWxR16hGktC/21Dj9LuvGxZaMcnbsNhzpopi4/wxaM72a0eaIri\nHWLIdiHYXCL4DqrIYYMjjBMP4fg9IG4bS91mPuGONal+UMm+dU6TYZdcHqSvFbCA\n1uCOCYPoUHB/fJbcLZfZUWJcXM3+yYrPgzcVssyWqzE8q6GmBwKCAQEA4sOGDwdl\nJZCIJtD456jCx6vPWpx+3gz9eK6/6UfB/XiLvnm8ajgjjW3Spl7tT371xuRzDoiq\ncsJzZVc6bcnSWv3rGzXmHUiEToSvDhT5yb/3KYScdFc3kQ3UJpQPKf+natlpbgZT\nZCt2pS4CeX7uyRqyv1/WDMWifpP06m/D8wAZTzTWghSEfy+ZROTV9dLy616pgedo\nYwtoOYoJixQAUh+cRADFnhhW/KvE6IqCDF8iScNxQZWLPMDZdW8TLBLYxu/Rs7SJ\n+w1lUO/sMfbLPkWN2iRlgC4QScwqF+qpoO1Z4NTge9LTXyfuW/Af+Xs2Jw45F82x\n0SKZn6dbDn9CnwKCAQAU2yZidMUj2b8F7Lc6YalU9qgcPlRX248KF2VE0XdhsY1M\njhA4tdyx/0Gnri+TlI4Tfr0FWdgt8SqO5CoaLKTGhrc6rGJfC2AcFrhyWesCUsPG\n1sy23vacKNUStEMVMbC0DfriJD+VgHfztVfg2FOTb9S5JGYQXC+faxoWvowbUjfP\nu/5b/wrQCCGrUK0mejFvYjA6XdAoaQwFQjq4uilAKWZxNza5LVOGOakQKle/hO3p\ndgy02lYdd03LpfPGLFder+DGGR0nVrwvm/hj9WKysOCDtOycmvJqBjE4RUGqraQ8\ntJ/nP+JKI4qvWFXFZ0X1t4m2n3/pVgoOm2Jl+kVtAoIBAGPPR7xptt135lWfeU8N\n+t3EA7qQU08NTKvHzvSw/vPAEVI/Zu0h1JQ1mJheA/oPmcJ3XyUwhkWIzR337OHS\nCWK/jLInYSfWeVXOFPcPyHpColmF4w9aLD0OZyir1pjXzCq9kyg4ZJAciVZfD/vG\nIPgnZjHRzvdELieknBJsK0VT78/rI9eRjFgm7UFjr8FJnl53BgkFf+7IYJGi7lxm\n61U6UJ+l71WMxQzl1f+8p00muoLZIYqKdgTBpXWI9Flb2kqF2DlO58S2ureLQt0j\nEYZROwSfLIXkwIqa8JQiV5NbpUnOqRgXTa3+d23EHW7ECqvaGMsfYHr6zb91/CA/\nZ2UCggEAN5a6zPhDxlWqB/6H3rQxFWtzUg5yR2NTeNZxhGJ22HAUKS+LJoLkrDwW\nk5an3xEbd5gw/za1DEgPw93q1Nb4jRenduoxktac3JW8T9/ZEOCnAbk8Xazz7DBr\nY2JTcvNiYXpSEGS/ur4Kqcgyg59b5jv+pw97Ud24l//scXakq6ifnLI5weQH7iY+\nFDxB3/8B5GrA7hD0e4SqTDr1Ix23yX4urXaeLiPnNKIgU90W4+0BoBvLwd0DS3ON\nCFSJbpl5WlwZFnJK1BgN4dYfDHfyyaFzYMdT24xVcaUcqIJ+ehBjvyKUDL9PuJUn\nHA0lSaf8Ve3yZ6PU1IUmnDL6XWJ+4Q==\n-----END PRIVATE KEY-----\n",
            "public_key_fingerprint_md5": "3a:4a:ed:d8:09:69:44:65:ab:79:13:a6:ec:e4:13:96",
            "public_key_fingerprint_sha256": "SHA256:dkqGfMuErEl+nUQPvM6qHUkmrwyPiHTGCAAnNrq3Sm8",
            "public_key_openssh": "ssh-rsa AAAAB3NzaC1yc2EAAAADAQABAAACAQC49ZsK7M073lRqaTnK57Ilrqstn6o9ihOOt3j/SNC50hMbDl3suYpLMu2FGf8SxMeBGATudg6FUQrIg1ILOG0iTr3zr5Roqguxbb1G/adKyb5e+y66/VwkXnNwSZK6WTOMBbMqajZY9zuk+he4l95YMVYKnGe+WcvFUz1IFcmepVXUlaZd74pQnGbv9s09kX+w96lNNN2lvKS3XLlMeLkWvjMWx37Vzzag68F2HWfCO/oZNYna2JCjiQ8983i2gXSC9JvUWAqTbdsiJUWX9amIuLYDPX3zKQ/0aQkv4OF65DLoR24XphIvMhN9wwIUg0zbNHI+3zRxGoBHDDChHR6tBA83alL69DA4XWVQklGodSq9ve8Vn7AiiCbfp1v9B04UeeUUMWyCyK3UkvPxeK9eCc/XcyGSH2LLz0XaBexXuS6zftFn452XvS178r8q+Qrt8bFth6lChwR3sjOBdhwaWNEv8m2bgWARnjo+9KzV1xlC06gvC6m0jwv40VkqihN4kH9KJp3IJ3yK9YlQc2xE11txCghKHtQWtHjmgiV/aFfuBMQkErUgqalgeEYej1wvMBQ/s0B647/PsEPTYYXUEmCX9vttYjx9m9m0vi0cpbdJ+G6xvr22WhMG+IyBKdspNQcEQChJyRwXpQQyvxyUGnvMh+9k9Z44nsqxBazsWQ==\n",
            "public_key_pem": "-----BEGIN PUBLIC KEY-----\nMIICIjANBgkqhkiG9w0BAQEFAAOCAg8AMIICCgKCAgEAuPWbCuzNO95Uamk5yuey\nJa6rLZ+qPYoTjrd4/0jQudITGw5d7LmKSzLthRn/EsTHgRgE7nYOhVEKyINSCzht\nIk6986+UaKoLsW29Rv2nSsm+Xvsuuv1cJF5zcEmSulkzjAWzKmo2WPc7pPoXuJfe\nWDFWCpxnvlnLxVM9SBXJnqVV1JWmXe+KUJxm7/bNPZF/sPepTTTdpbykt1y5THi5\nFr4zFsd+1c82oOvBdh1nwjv6GTWJ2tiQo4kPPfN4toF0gvSb1FgKk23bIiVFl/Wp\niLi2Az198ykP9GkJL+DheuQy6EduF6YSLzITfcMCFINM2zRyPt80cRqARwwwoR0e\nrQQPN2pS+vQwOF1lUJJRqHUqvb3vFZ+wIogm36db/QdOFHnlFDFsgsit1JLz8Xiv\nXgnP13Mhkh9iy89F2gXsV7kus37RZ+Odl70te/K/KvkK7fGxbYepQocEd7IzgXYc\nGljRL/Jtm4FgEZ46PvSs1dcZQtOoLwuptI8L+NFZKooTeJB/SiadyCd8ivWJUHNs\nRNdbcQoISh7UFrR45oIlf2hX7gTEJBK1IKmpYHhGHo9cLzAUP7NAeuO/z7BD02GF\n1BJgl/b7bWI8fZvZtL4tHKW3Sfhusb69tloTBviMgSnbKTUHBEAoSckcF6UEMr8c\nlBp7zIfvZPWeOJ7KsQWs7FkCAwEAAQ==\n-----END PUBLIC KEY-----\n",
            "rsa_bits": 4096
          },
          "sensitive_attributes": [
            [
              {
                "type": "get_attr",
                "value": "private_key_pem"
              }
            ],
            [
              {
                "type": "get_attr",
                "value": "private_key_openssh"
              }
            ],
            [
              {
                "type": "get_attr",
                "value": "private_key_pem_pkcs8"
              }
            ]
          ]
        }
      ]
    }
  ],
  "check_results": [
    {
      "object_kind": "var",
      "config_addr": "var.instance_type",
      "status": "pass",
      "objects": [
        {
          "object_addr": "var.instance_type",
          "status": "pass"
        }
      ]
    }
  ]
}
